// !$*UTF8*$!
{
	archiveVersion = 1;
	classes = {
	};
	objectVersion = 46;
	objects = {

/* Begin PBXBuildFile section */
		4A09F8FA15990762001D3C0C /* Cocoa.framework in Frameworks */ = {isa = PBXBuildFile; fileRef = 4A09F8F915990762001D3C0C /* Cocoa.framework */; };
		4AD3B608159908C3002E68D1 /* MGSFragaria.framework in Frameworks */ = {isa = PBXBuildFile; fileRef = 4AD3B5F615990896002E68D1 /* MGSFragaria.framework */; };
		4AD3B6C6159918CC002E68D1 /* ThoMoClientStub.m in Sources */ = {isa = PBXBuildFile; fileRef = 4AD3B6B8159918CC002E68D1 /* ThoMoClientStub.m */; };
		4AD3B6C7159918CC002E68D1 /* ThoMoNetworkStub.m in Sources */ = {isa = PBXBuildFile; fileRef = 4AD3B6BD159918CC002E68D1 /* ThoMoNetworkStub.m */; };
		4AD3B6C8159918CC002E68D1 /* ThoMoServerStub.m in Sources */ = {isa = PBXBuildFile; fileRef = 4AD3B6C0159918CC002E68D1 /* ThoMoServerStub.m */; };
		4AD3B6C9159918CC002E68D1 /* ThoMoTCPConnection.m in Sources */ = {isa = PBXBuildFile; fileRef = 4AD3B6C4159918CC002E68D1 /* ThoMoTCPConnection.m */; };
		A0137EFF15ACFC4C000AA1C2 /* AppDelegate.m in Sources */ = {isa = PBXBuildFile; fileRef = A0137EF515ACFC4C000AA1C2 /* AppDelegate.m */; };
		A0137F0115ACFC4C000AA1C2 /* Credits.rtf in Resources */ = {isa = PBXBuildFile; fileRef = A0137EF815ACFC4C000AA1C2 /* Credits.rtf */; };
		A0137F0215ACFC4C000AA1C2 /* InfoPlist.strings in Resources */ = {isa = PBXBuildFile; fileRef = A0137EFA15ACFC4C000AA1C2 /* InfoPlist.strings */; };
		A0137F0315ACFC4C000AA1C2 /* MainMenu.xib in Resources */ = {isa = PBXBuildFile; fileRef = A0137EFC15ACFC4C000AA1C2 /* MainMenu.xib */; };
		A0137F0415ACFC4C000AA1C2 /* main.m in Sources */ = {isa = PBXBuildFile; fileRef = A0137EFE15ACFC4C000AA1C2 /* main.m */; };
/* End PBXBuildFile section */

/* Begin PBXContainerItemProxy section */
		4AD3B5F115990896002E68D1 /* PBXContainerItemProxy */ = {
			isa = PBXContainerItemProxy;
			containerPortal = 4AD3B2D415990894002E68D1 /* Fragaria.xcodeproj */;
			proxyType = 2;
			remoteGlobalIDString = AB648E2A11FB385700AEF7BD;
			remoteInfo = "Fragaria Document Based App";
		};
		4AD3B5F315990896002E68D1 /* PBXContainerItemProxy */ = {
			isa = PBXContainerItemProxy;
			containerPortal = 4AD3B2D415990894002E68D1 /* Fragaria.xcodeproj */;
			proxyType = 2;
			remoteGlobalIDString = 8D1107320486CEB800E47090;
			remoteInfo = Fragaria;
		};
		4AD3B5F515990896002E68D1 /* PBXContainerItemProxy */ = {
			isa = PBXContainerItemProxy;
			containerPortal = 4AD3B2D415990894002E68D1 /* Fragaria.xcodeproj */;
			proxyType = 2;
			remoteGlobalIDString = AB69B62B118B745700903D1D;
			remoteInfo = MGSFragaria;
		};
/* End PBXContainerItemProxy section */

/* Begin PBXFileReference section */
		4A09F8F515990762001D3C0C /* cocos2d-jsconsole-client.app */ = {isa = PBXFileReference; explicitFileType = wrapper.application; includeInIndex = 0; path = "cocos2d-jsconsole-client.app"; sourceTree = BUILT_PRODUCTS_DIR; };
		4A09F8F915990762001D3C0C /* Cocoa.framework */ = {isa = PBXFileReference; lastKnownFileType = wrapper.framework; name = Cocoa.framework; path = System/Library/Frameworks/Cocoa.framework; sourceTree = SDKROOT; };
		4A09F8FC15990762001D3C0C /* AppKit.framework */ = {isa = PBXFileReference; lastKnownFileType = wrapper.framework; name = AppKit.framework; path = System/Library/Frameworks/AppKit.framework; sourceTree = SDKROOT; };
		4A09F8FD15990762001D3C0C /* CoreData.framework */ = {isa = PBXFileReference; lastKnownFileType = wrapper.framework; name = CoreData.framework; path = System/Library/Frameworks/CoreData.framework; sourceTree = SDKROOT; };
		4A09F8FE15990762001D3C0C /* Foundation.framework */ = {isa = PBXFileReference; lastKnownFileType = wrapper.framework; name = Foundation.framework; path = System/Library/Frameworks/Foundation.framework; sourceTree = SDKROOT; };
		4AD3B2D415990894002E68D1 /* Fragaria.xcodeproj */ = {isa = PBXFileReference; lastKnownFileType = "wrapper.pb-project"; path = Fragaria.xcodeproj; sourceTree = "<group>"; };
		4AD3B6B7159918CC002E68D1 /* ThoMoClientDelegateProtocol.h */ = {isa = PBXFileReference; fileEncoding = 4; lastKnownFileType = sourcecode.c.h; path = ThoMoClientDelegateProtocol.h; sourceTree = "<group>"; };
		4AD3B6B8159918CC002E68D1 /* ThoMoClientStub.m */ = {isa = PBXFileReference; fileEncoding = 4; lastKnownFileType = sourcecode.c.objc; path = ThoMoClientStub.m; sourceTree = "<group>"; };
		4AD3B6B9159918CC002E68D1 /* ThoMoClientStub_private.h */ = {isa = PBXFileReference; fileEncoding = 4; lastKnownFileType = sourcecode.c.h; path = ThoMoClientStub_private.h; sourceTree = "<group>"; };
		4AD3B6BA159918CC002E68D1 /* ThoMoClientStub.h */ = {isa = PBXFileReference; fileEncoding = 4; lastKnownFileType = sourcecode.c.h; path = ThoMoClientStub.h; sourceTree = "<group>"; };
		4AD3B6BB159918CC002E68D1 /* ThoMoNetworking.h */ = {isa = PBXFileReference; fileEncoding = 4; lastKnownFileType = sourcecode.c.h; path = ThoMoNetworking.h; sourceTree = "<group>"; };
		4AD3B6BC159918CC002E68D1 /* ThoMoNetworkStub.h */ = {isa = PBXFileReference; fileEncoding = 4; lastKnownFileType = sourcecode.c.h; path = ThoMoNetworkStub.h; sourceTree = "<group>"; };
		4AD3B6BD159918CC002E68D1 /* ThoMoNetworkStub.m */ = {isa = PBXFileReference; fileEncoding = 4; lastKnownFileType = sourcecode.c.objc; path = ThoMoNetworkStub.m; sourceTree = "<group>"; };
		4AD3B6BF159918CC002E68D1 /* ThoMoServerDelegateProtocol.h */ = {isa = PBXFileReference; fileEncoding = 4; lastKnownFileType = sourcecode.c.h; path = ThoMoServerDelegateProtocol.h; sourceTree = "<group>"; };
		4AD3B6C0159918CC002E68D1 /* ThoMoServerStub.m */ = {isa = PBXFileReference; fileEncoding = 4; lastKnownFileType = sourcecode.c.objc; path = ThoMoServerStub.m; sourceTree = "<group>"; };
		4AD3B6C1159918CC002E68D1 /* ThoMoServerStub_private.h */ = {isa = PBXFileReference; fileEncoding = 4; lastKnownFileType = sourcecode.c.h; path = ThoMoServerStub_private.h; sourceTree = "<group>"; };
		4AD3B6C2159918CC002E68D1 /* ThoMoServerStub.h */ = {isa = PBXFileReference; fileEncoding = 4; lastKnownFileType = sourcecode.c.h; path = ThoMoServerStub.h; sourceTree = "<group>"; };
		4AD3B6C3159918CC002E68D1 /* ThoMoTCPConnection.h */ = {isa = PBXFileReference; fileEncoding = 4; lastKnownFileType = sourcecode.c.h; path = ThoMoTCPConnection.h; sourceTree = "<group>"; };
		4AD3B6C4159918CC002E68D1 /* ThoMoTCPConnection.m */ = {isa = PBXFileReference; fileEncoding = 4; lastKnownFileType = sourcecode.c.objc; path = ThoMoTCPConnection.m; sourceTree = "<group>"; };
		4AD3B6C5159918CC002E68D1 /* ThoMoTCPConnectionDelegateProtocol.h */ = {isa = PBXFileReference; fileEncoding = 4; lastKnownFileType = sourcecode.c.h; path = ThoMoTCPConnectionDelegateProtocol.h; sourceTree = "<group>"; };
		A0137EF415ACFC4C000AA1C2 /* AppDelegate.h */ = {isa = PBXFileReference; fileEncoding = 4; lastKnownFileType = sourcecode.c.h; path = AppDelegate.h; sourceTree = "<group>"; };
		A0137EF515ACFC4C000AA1C2 /* AppDelegate.m */ = {isa = PBXFileReference; fileEncoding = 4; lastKnownFileType = sourcecode.c.objc; path = AppDelegate.m; sourceTree = "<group>"; };
		A0137EF615ACFC4C000AA1C2 /* cocos2d-jsconsole-client-Info.plist */ = {isa = PBXFileReference; fileEncoding = 4; lastKnownFileType = text.plist.xml; path = "cocos2d-jsconsole-client-Info.plist"; sourceTree = "<group>"; };
		A0137EF715ACFC4C000AA1C2 /* cocos2d-jsconsole-client-Prefix.pch */ = {isa = PBXFileReference; fileEncoding = 4; lastKnownFileType = sourcecode.c.h; path = "cocos2d-jsconsole-client-Prefix.pch"; sourceTree = "<group>"; };
		A0137EF915ACFC4C000AA1C2 /* en */ = {isa = PBXFileReference; lastKnownFileType = text.rtf; name = en; path = en.lproj/Credits.rtf; sourceTree = "<group>"; };
		A0137EFB15ACFC4C000AA1C2 /* en */ = {isa = PBXFileReference; lastKnownFileType = text.plist.strings; name = en; path = en.lproj/InfoPlist.strings; sourceTree = "<group>"; };
		A0137EFD15ACFC4C000AA1C2 /* en */ = {isa = PBXFileReference; lastKnownFileType = file.xib; name = en; path = en.lproj/MainMenu.xib; sourceTree = "<group>"; };
		A0137EFE15ACFC4C000AA1C2 /* main.m */ = {isa = PBXFileReference; fileEncoding = 4; lastKnownFileType = sourcecode.c.objc; path = main.m; sourceTree = "<group>"; };
/* End PBXFileReference section */

/* Begin PBXFrameworksBuildPhase section */
		4A09F8F215990762001D3C0C /* Frameworks */ = {
			isa = PBXFrameworksBuildPhase;
			buildActionMask = 2147483647;
			files = (
				4AD3B608159908C3002E68D1 /* MGSFragaria.framework in Frameworks */,
				4A09F8FA15990762001D3C0C /* Cocoa.framework in Frameworks */,
			);
			runOnlyForDeploymentPostprocessing = 0;
		};
/* End PBXFrameworksBuildPhase section */

/* Begin PBXGroup section */
		4A09F8EA15990762001D3C0C = {
			isa = PBXGroup;
			children = (
				A0137EF315ACFC4C000AA1C2 /* cocos2d-jsconsole-client */,
				4AD3B1EC15990894002E68D1 /* external */,
				4A09F8F815990762001D3C0C /* Frameworks */,
				4A09F8F615990762001D3C0C /* Products */,
			);
			sourceTree = "<group>";
		};
		4A09F8F615990762001D3C0C /* Products */ = {
			isa = PBXGroup;
			children = (
				4A09F8F515990762001D3C0C /* cocos2d-jsconsole-client.app */,
			);
			name = Products;
			sourceTree = "<group>";
		};
		4A09F8F815990762001D3C0C /* Frameworks */ = {
			isa = PBXGroup;
			children = (
				4A09F8F915990762001D3C0C /* Cocoa.framework */,
				4A09F8FB15990762001D3C0C /* Other Frameworks */,
			);
			name = Frameworks;
			sourceTree = "<group>";
		};
		4A09F8FB15990762001D3C0C /* Other Frameworks */ = {
			isa = PBXGroup;
			children = (
				4A09F8FC15990762001D3C0C /* AppKit.framework */,
				4A09F8FD15990762001D3C0C /* CoreData.framework */,
				4A09F8FE15990762001D3C0C /* Foundation.framework */,
			);
			name = "Other Frameworks";
			sourceTree = "<group>";
		};
		4AD3B1EC15990894002E68D1 /* external */ = {
			isa = PBXGroup;
			children = (
				4AD3B6B5159918CC002E68D1 /* ThoMoNetworking */,
				4AD3B2C715990894002E68D1 /* Fragaria */,
			);
			path = external;
			sourceTree = "<group>";
		};
		4AD3B2C715990894002E68D1 /* Fragaria */ = {
			isa = PBXGroup;
			children = (
				4AD3B2D415990894002E68D1 /* Fragaria.xcodeproj */,
			);
			path = Fragaria;
			sourceTree = "<group>";
		};
		4AD3B2D515990894002E68D1 /* Products */ = {
			isa = PBXGroup;
			children = (
				4AD3B5F215990896002E68D1 /* Fragaria Document Based App.app */,
				4AD3B5F415990896002E68D1 /* Fragaria.app */,
				4AD3B5F615990896002E68D1 /* MGSFragaria.framework */,
			);
			name = Products;
			sourceTree = "<group>";
		};
		4AD3B6B5159918CC002E68D1 /* ThoMoNetworking */ = {
			isa = PBXGroup;
			children = (
				4AD3B6B6159918CC002E68D1 /* ThoMoClient */,
				4AD3B6BA159918CC002E68D1 /* ThoMoClientStub.h */,
				4AD3B6BB159918CC002E68D1 /* ThoMoNetworking.h */,
				4AD3B6BC159918CC002E68D1 /* ThoMoNetworkStub.h */,
				4AD3B6BD159918CC002E68D1 /* ThoMoNetworkStub.m */,
				4AD3B6BE159918CC002E68D1 /* ThoMoServer */,
				4AD3B6C2159918CC002E68D1 /* ThoMoServerStub.h */,
				4AD3B6C3159918CC002E68D1 /* ThoMoTCPConnection.h */,
				4AD3B6C4159918CC002E68D1 /* ThoMoTCPConnection.m */,
				4AD3B6C5159918CC002E68D1 /* ThoMoTCPConnectionDelegateProtocol.h */,
			);
			path = ThoMoNetworking;
			sourceTree = "<group>";
		};
		4AD3B6B6159918CC002E68D1 /* ThoMoClient */ = {
			isa = PBXGroup;
			children = (
				4AD3B6B7159918CC002E68D1 /* ThoMoClientDelegateProtocol.h */,
				4AD3B6B8159918CC002E68D1 /* ThoMoClientStub.m */,
				4AD3B6B9159918CC002E68D1 /* ThoMoClientStub_private.h */,
			);
			path = ThoMoClient;
			sourceTree = "<group>";
		};
		4AD3B6BE159918CC002E68D1 /* ThoMoServer */ = {
			isa = PBXGroup;
			children = (
				4AD3B6BF159918CC002E68D1 /* ThoMoServerDelegateProtocol.h */,
				4AD3B6C0159918CC002E68D1 /* ThoMoServerStub.m */,
				4AD3B6C1159918CC002E68D1 /* ThoMoServerStub_private.h */,
			);
			path = ThoMoServer;
			sourceTree = "<group>";
		};
		A0137EF315ACFC4C000AA1C2 /* cocos2d-jsconsole-client */ = {
			isa = PBXGroup;
			children = (
				A0137EF415ACFC4C000AA1C2 /* AppDelegate.h */,
				A0137EF515ACFC4C000AA1C2 /* AppDelegate.m */,
				A0137EF615ACFC4C000AA1C2 /* cocos2d-jsconsole-client-Info.plist */,
				A0137EF715ACFC4C000AA1C2 /* cocos2d-jsconsole-client-Prefix.pch */,
				A0137EF815ACFC4C000AA1C2 /* Credits.rtf */,
				A0137EFA15ACFC4C000AA1C2 /* InfoPlist.strings */,
				A0137EFC15ACFC4C000AA1C2 /* MainMenu.xib */,
				A0137EFE15ACFC4C000AA1C2 /* main.m */,
			);
			path = "cocos2d-jsconsole-client";
			sourceTree = "<group>";
		};
/* End PBXGroup section */

/* Begin PBXNativeTarget section */
		4A09F8F415990762001D3C0C /* cocos2d-jsconsole-client */ = {
			isa = PBXNativeTarget;
			buildConfigurationList = 4A09F91315990763001D3C0C /* Build configuration list for PBXNativeTarget "cocos2d-jsconsole-client" */;
			buildPhases = (
				4A09F8F115990762001D3C0C /* Sources */,
				4A09F8F215990762001D3C0C /* Frameworks */,
				4A09F8F315990762001D3C0C /* Resources */,
			);
			buildRules = (
			);
			dependencies = (
			);
			name = "cocos2d-jsconsole-client";
			productName = "cocos2d-ios-jsconsole-client";
			productReference = 4A09F8F515990762001D3C0C /* cocos2d-jsconsole-client.app */;
			productType = "com.apple.product-type.application";
		};
/* End PBXNativeTarget section */

/* Begin PBXProject section */
		4A09F8EC15990762001D3C0C /* Project object */ = {
			isa = PBXProject;
			attributes = {
				LastUpgradeCheck = 0430;
			};
			buildConfigurationList = 4A09F8EF15990762001D3C0C /* Build configuration list for PBXProject "cocos2d-jsconsole-client" */;
			compatibilityVersion = "Xcode 3.2";
			developmentRegion = English;
			hasScannedForEncodings = 0;
			knownRegions = (
				en,
				English,
			);
			mainGroup = 4A09F8EA15990762001D3C0C;
			productRefGroup = 4A09F8F615990762001D3C0C /* Products */;
			projectDirPath = "";
			projectReferences = (
				{
					ProductGroup = 4AD3B2D515990894002E68D1 /* Products */;
					ProjectRef = 4AD3B2D415990894002E68D1 /* Fragaria.xcodeproj */;
				},
			);
			projectRoot = "";
			targets = (
				4A09F8F415990762001D3C0C /* cocos2d-jsconsole-client */,
			);
		};
/* End PBXProject section */

/* Begin PBXReferenceProxy section */
		4AD3B5F215990896002E68D1 /* Fragaria Document Based App.app */ = {
			isa = PBXReferenceProxy;
			fileType = wrapper.application;
			path = "Fragaria Document Based App.app";
			remoteRef = 4AD3B5F115990896002E68D1 /* PBXContainerItemProxy */;
			sourceTree = BUILT_PRODUCTS_DIR;
		};
		4AD3B5F415990896002E68D1 /* Fragaria.app */ = {
			isa = PBXReferenceProxy;
			fileType = wrapper.application;
			path = Fragaria.app;
			remoteRef = 4AD3B5F315990896002E68D1 /* PBXContainerItemProxy */;
			sourceTree = BUILT_PRODUCTS_DIR;
		};
		4AD3B5F615990896002E68D1 /* MGSFragaria.framework */ = {
			isa = PBXReferenceProxy;
			fileType = wrapper.framework;
			path = MGSFragaria.framework;
			remoteRef = 4AD3B5F515990896002E68D1 /* PBXContainerItemProxy */;
			sourceTree = BUILT_PRODUCTS_DIR;
		};
/* End PBXReferenceProxy section */

/* Begin PBXResourcesBuildPhase section */
		4A09F8F315990762001D3C0C /* Resources */ = {
			isa = PBXResourcesBuildPhase;
			buildActionMask = 2147483647;
			files = (
				A0137F0115ACFC4C000AA1C2 /* Credits.rtf in Resources */,
				A0137F0215ACFC4C000AA1C2 /* InfoPlist.strings in Resources */,
				A0137F0315ACFC4C000AA1C2 /* MainMenu.xib in Resources */,
			);
			runOnlyForDeploymentPostprocessing = 0;
		};
/* End PBXResourcesBuildPhase section */

/* Begin PBXSourcesBuildPhase section */
		4A09F8F115990762001D3C0C /* Sources */ = {
			isa = PBXSourcesBuildPhase;
			buildActionMask = 2147483647;
			files = (
				4AD3B6C6159918CC002E68D1 /* ThoMoClientStub.m in Sources */,
				4AD3B6C7159918CC002E68D1 /* ThoMoNetworkStub.m in Sources */,
				4AD3B6C8159918CC002E68D1 /* ThoMoServerStub.m in Sources */,
				4AD3B6C9159918CC002E68D1 /* ThoMoTCPConnection.m in Sources */,
				A0137EFF15ACFC4C000AA1C2 /* AppDelegate.m in Sources */,
				A0137F0415ACFC4C000AA1C2 /* main.m in Sources */,
			);
			runOnlyForDeploymentPostprocessing = 0;
		};
/* End PBXSourcesBuildPhase section */

/* Begin PBXVariantGroup section */
		A0137EF815ACFC4C000AA1C2 /* Credits.rtf */ = {
			isa = PBXVariantGroup;
			children = (
				A0137EF915ACFC4C000AA1C2 /* en */,
			);
			name = Credits.rtf;
			sourceTree = "<group>";
		};
		A0137EFA15ACFC4C000AA1C2 /* InfoPlist.strings */ = {
			isa = PBXVariantGroup;
			children = (
				A0137EFB15ACFC4C000AA1C2 /* en */,
			);
			name = InfoPlist.strings;
			sourceTree = "<group>";
		};
		A0137EFC15ACFC4C000AA1C2 /* MainMenu.xib */ = {
			isa = PBXVariantGroup;
			children = (
				A0137EFD15ACFC4C000AA1C2 /* en */,
			);
			name = MainMenu.xib;
			sourceTree = "<group>";
		};
/* End PBXVariantGroup section */

/* Begin XCBuildConfiguration section */
		4A09F91115990763001D3C0C /* Debug */ = {
			isa = XCBuildConfiguration;
			buildSettings = {
				ALWAYS_SEARCH_USER_PATHS = NO;
				ARCHS = "$(ARCHS_STANDARD_64_BIT)";
				CLANG_ENABLE_OBJC_ARC = YES;
				COPY_PHASE_STRIP = NO;
				GCC_C_LANGUAGE_STANDARD = gnu99;
				GCC_DYNAMIC_NO_PIC = NO;
				GCC_ENABLE_OBJC_EXCEPTIONS = YES;
				GCC_OPTIMIZATION_LEVEL = 0;
				GCC_PREPROCESSOR_DEFINITIONS = (
					"DEBUG=1",
					"$(inherited)",
				);
				GCC_SYMBOLS_PRIVATE_EXTERN = NO;
				GCC_VERSION = com.apple.compilers.llvm.clang.1_0;
				GCC_WARN_64_TO_32_BIT_CONVERSION = YES;
				GCC_WARN_ABOUT_RETURN_TYPE = YES;
				GCC_WARN_UNINITIALIZED_AUTOS = YES;
				GCC_WARN_UNUSED_VARIABLE = YES;
				MACOSX_DEPLOYMENT_TARGET = 10.7;
				ONLY_ACTIVE_ARCH = YES;
				SDKROOT = macosx;
			};
			name = Debug;
		};
		4A09F91215990763001D3C0C /* Release */ = {
			isa = XCBuildConfiguration;
			buildSettings = {
				ALWAYS_SEARCH_USER_PATHS = NO;
				ARCHS = "$(ARCHS_STANDARD_64_BIT)";
				CLANG_ENABLE_OBJC_ARC = YES;
				COPY_PHASE_STRIP = YES;
				DEBUG_INFORMATION_FORMAT = "dwarf-with-dsym";
				GCC_C_LANGUAGE_STANDARD = gnu99;
				GCC_ENABLE_OBJC_EXCEPTIONS = YES;
				GCC_VERSION = com.apple.compilers.llvm.clang.1_0;
				GCC_WARN_64_TO_32_BIT_CONVERSION = YES;
				GCC_WARN_ABOUT_RETURN_TYPE = YES;
				GCC_WARN_UNINITIALIZED_AUTOS = YES;
				GCC_WARN_UNUSED_VARIABLE = YES;
				MACOSX_DEPLOYMENT_TARGET = 10.7;
				SDKROOT = macosx;
			};
			name = Release;
		};
		4A09F91415990763001D3C0C /* Debug */ = {
			isa = XCBuildConfiguration;
			buildSettings = {
				CLANG_ENABLE_OBJC_ARC = NO;
				FRAMEWORK_SEARCH_PATHS = (
					"$(inherited)",
					"\"$(SRCROOT)/external/ThoMoNetworking\"",
				);
				GCC_PRECOMPILE_PREFIX_HEADER = YES;
				GCC_PREFIX_HEADER = "cocos2d-jsconsole-client/cocos2d-jsconsole-client-Prefix.pch";
				HEADER_SEARCH_PATHS = (
					external/Fragaria,
					external/ThoMoNetworking,
				);
				INFOPLIST_FILE = "cocos2d-jsconsole-client/cocos2d-jsconsole-client-Info.plist";
				LIBRARY_SEARCH_PATHS = (
					"$(inherited)",
					"\"$(SRCROOT)/external/spidermonkey/mac/lib\"",
				);
				PRODUCT_NAME = "cocos2d-jsconsole-client";
				WRAPPER_EXTENSION = app;
			};
			name = Debug;
		};
		4A09F91515990763001D3C0C /* Release */ = {
			isa = XCBuildConfiguration;
			buildSettings = {
				CLANG_ENABLE_OBJC_ARC = NO;
				FRAMEWORK_SEARCH_PATHS = (
					"$(inherited)",
					"\"$(SRCROOT)/external/ThoMoNetworking\"",
				);
				GCC_PRECOMPILE_PREFIX_HEADER = YES;
				GCC_PREFIX_HEADER = "cocos2d-jsconsole-client/cocos2d-jsconsole-client-Prefix.pch";
				HEADER_SEARCH_PATHS = (
					external/Fragaria,
					external/ThoMoNetworking,
				);
				INFOPLIST_FILE = "cocos2d-jsconsole-client/cocos2d-jsconsole-client-Info.plist";
				LIBRARY_SEARCH_PATHS = (
					"$(inherited)",
					"\"$(SRCROOT)/external/spidermonkey/mac/lib\"",
				);
				PRODUCT_NAME = "cocos2d-jsconsole-client";
				WRAPPER_EXTENSION = app;
			};
			name = Release;
		};
/* End XCBuildConfiguration section */

/* Begin XCConfigurationList section */
		4A09F8EF15990762001D3C0C /* Build configuration list for PBXProject "cocos2d-jsconsole-client" */ = {
			isa = XCConfigurationList;
			buildConfigurations = (
				4A09F91115990763001D3C0C /* Debug */,
				4A09F91215990763001D3C0C /* Release */,
			);
			defaultConfigurationIsVisible = 0;
			defaultConfigurationName = Release;
		};
		4A09F91315990763001D3C0C /* Build configuration list for PBXNativeTarget "cocos2d-jsconsole-client" */ = {
			isa = XCConfigurationList;
			buildConfigurations = (
				4A09F91415990763001D3C0C /* Debug */,
				4A09F91515990763001D3C0C /* Release */,
			);
			defaultConfigurationIsVisible = 0;
			defaultConfigurationName = Release;
		};
/* End XCConfigurationList section */
	};
	rootObject = 4A09F8EC15990762001D3C0C /* Project object */;
}
