// !$*UTF8*$!
{
	archiveVersion = 1;
	classes = {
	};
	objectVersion = 45;
	objects = {

/* Begin PBXBuildFile section */
		1D60589B0D05DD56006BFB54 /* main.m in Sources */ = {isa = PBXBuildFile; fileRef = 29B97316FDCFA39411CA2CEA /* main.m */; };
		1F3B9A2D0EF2145700286867 /* ___PROJECTNAMEASIDENTIFIER___AppDelegate.m in Sources */ = {isa = PBXBuildFile; fileRef = 1F3B9A2B0EF2145700286867 /* ___PROJECTNAMEASIDENTIFIER___AppDelegate.m */; };
		506EDB88102F4C4000A389B3 /* libz.dylib in Frameworks */ = {isa = PBXBuildFile; fileRef = 506EDB87102F4C4000A389B3 /* libz.dylib */; };
		506EDBA5102F4C9F00A389B3 /* AVFoundation.framework in Frameworks */ = {isa = PBXBuildFile; fileRef = 506EDBA4102F4C9F00A389B3 /* AVFoundation.framework */; };
		506EDC31102F528A00A389B3 /* HelloWorldScene.m in Sources */ = {isa = PBXBuildFile; fileRef = 506EDC30102F528A00A389B3 /* HelloWorldScene.m */; };
		506EE10010304F7500A389B3 /* Action.h in Headers */ = {isa = PBXBuildFile; fileRef = 506EE06710304F7500A389B3 /* Action.h */; };
		506EE10110304F7500A389B3 /* Action.m in Sources */ = {isa = PBXBuildFile; fileRef = 506EE06810304F7500A389B3 /* Action.m */; };
		506EE10210304F7500A389B3 /* ActionManager.h in Headers */ = {isa = PBXBuildFile; fileRef = 506EE06910304F7500A389B3 /* ActionManager.h */; };
		506EE10310304F7500A389B3 /* ActionManager.m in Sources */ = {isa = PBXBuildFile; fileRef = 506EE06A10304F7500A389B3 /* ActionManager.m */; };
		506EE10410304F7500A389B3 /* AtlasNode.h in Headers */ = {isa = PBXBuildFile; fileRef = 506EE06B10304F7500A389B3 /* AtlasNode.h */; };
		506EE10510304F7500A389B3 /* AtlasNode.m in Sources */ = {isa = PBXBuildFile; fileRef = 506EE06C10304F7500A389B3 /* AtlasNode.m */; };
		506EE10610304F7500A389B3 /* AtlasSprite.h in Headers */ = {isa = PBXBuildFile; fileRef = 506EE06D10304F7500A389B3 /* AtlasSprite.h */; };
		506EE10710304F7500A389B3 /* AtlasSprite.m in Sources */ = {isa = PBXBuildFile; fileRef = 506EE06E10304F7500A389B3 /* AtlasSprite.m */; };
		506EE10810304F7500A389B3 /* AtlasSpriteManager.h in Headers */ = {isa = PBXBuildFile; fileRef = 506EE06F10304F7500A389B3 /* AtlasSpriteManager.h */; };
		506EE10910304F7500A389B3 /* AtlasSpriteManager.m in Sources */ = {isa = PBXBuildFile; fileRef = 506EE07010304F7500A389B3 /* AtlasSpriteManager.m */; };
		506EE10A10304F7500A389B3 /* BitmapFontAtlas.h in Headers */ = {isa = PBXBuildFile; fileRef = 506EE07110304F7500A389B3 /* BitmapFontAtlas.h */; };
		506EE10B10304F7500A389B3 /* BitmapFontAtlas.m in Sources */ = {isa = PBXBuildFile; fileRef = 506EE07210304F7500A389B3 /* BitmapFontAtlas.m */; };
		506EE10C10304F7500A389B3 /* Camera.h in Headers */ = {isa = PBXBuildFile; fileRef = 506EE07310304F7500A389B3 /* Camera.h */; };
		506EE10D10304F7500A389B3 /* Camera.m in Sources */ = {isa = PBXBuildFile; fileRef = 506EE07410304F7500A389B3 /* Camera.m */; };
		506EE10E10304F7500A389B3 /* CameraAction.h in Headers */ = {isa = PBXBuildFile; fileRef = 506EE07510304F7500A389B3 /* CameraAction.h */; };
		506EE10F10304F7500A389B3 /* CameraAction.m in Sources */ = {isa = PBXBuildFile; fileRef = 506EE07610304F7500A389B3 /* CameraAction.m */; };
		506EE11010304F7500A389B3 /* ccExceptions.h in Headers */ = {isa = PBXBuildFile; fileRef = 506EE07710304F7500A389B3 /* ccExceptions.h */; };
		506EE11110304F7500A389B3 /* ccMacros.h in Headers */ = {isa = PBXBuildFile; fileRef = 506EE07810304F7500A389B3 /* ccMacros.h */; };
		506EE11210304F7500A389B3 /* ccTypes.h in Headers */ = {isa = PBXBuildFile; fileRef = 506EE07910304F7500A389B3 /* ccTypes.h */; };
		506EE11310304F7500A389B3 /* cocos2d.h in Headers */ = {isa = PBXBuildFile; fileRef = 506EE07A10304F7500A389B3 /* cocos2d.h */; };
		506EE11410304F7500A389B3 /* cocos2d.m in Sources */ = {isa = PBXBuildFile; fileRef = 506EE07B10304F7500A389B3 /* cocos2d.m */; };
		506EE11510304F7500A389B3 /* CocosNode.h in Headers */ = {isa = PBXBuildFile; fileRef = 506EE07C10304F7500A389B3 /* CocosNode.h */; };
		506EE11610304F7500A389B3 /* CocosNode.m in Sources */ = {isa = PBXBuildFile; fileRef = 506EE07D10304F7500A389B3 /* CocosNode.m */; };
		506EE11710304F7500A389B3 /* Director.h in Headers */ = {isa = PBXBuildFile; fileRef = 506EE07E10304F7500A389B3 /* Director.h */; };
		506EE11810304F7500A389B3 /* Director.m in Sources */ = {isa = PBXBuildFile; fileRef = 506EE07F10304F7500A389B3 /* Director.m */; };
		506EE11910304F7500A389B3 /* DrawingPrimitives.h in Headers */ = {isa = PBXBuildFile; fileRef = 506EE08010304F7500A389B3 /* DrawingPrimitives.h */; };
		506EE11A10304F7500A389B3 /* DrawingPrimitives.m in Sources */ = {isa = PBXBuildFile; fileRef = 506EE08110304F7500A389B3 /* DrawingPrimitives.m */; };
		506EE11B10304F7500A389B3 /* EaseAction.h in Headers */ = {isa = PBXBuildFile; fileRef = 506EE08210304F7500A389B3 /* EaseAction.h */; };
		506EE11C10304F7500A389B3 /* EaseAction.m in Sources */ = {isa = PBXBuildFile; fileRef = 506EE08310304F7500A389B3 /* EaseAction.m */; };
		506EE11D10304F7500A389B3 /* Grabber.h in Headers */ = {isa = PBXBuildFile; fileRef = 506EE08410304F7500A389B3 /* Grabber.h */; };
		506EE11E10304F7500A389B3 /* Grabber.m in Sources */ = {isa = PBXBuildFile; fileRef = 506EE08510304F7500A389B3 /* Grabber.m */; };
		506EE11F10304F7500A389B3 /* Grid.h in Headers */ = {isa = PBXBuildFile; fileRef = 506EE08610304F7500A389B3 /* Grid.h */; };
		506EE12010304F7500A389B3 /* Grid.m in Sources */ = {isa = PBXBuildFile; fileRef = 506EE08710304F7500A389B3 /* Grid.m */; };
		506EE12110304F7500A389B3 /* Grid3DAction.h in Headers */ = {isa = PBXBuildFile; fileRef = 506EE08810304F7500A389B3 /* Grid3DAction.h */; };
		506EE12210304F7500A389B3 /* Grid3DAction.m in Sources */ = {isa = PBXBuildFile; fileRef = 506EE08910304F7500A389B3 /* Grid3DAction.m */; };
		506EE12310304F7500A389B3 /* GridAction.h in Headers */ = {isa = PBXBuildFile; fileRef = 506EE08A10304F7500A389B3 /* GridAction.h */; };
		506EE12410304F7500A389B3 /* GridAction.m in Sources */ = {isa = PBXBuildFile; fileRef = 506EE08B10304F7500A389B3 /* GridAction.m */; };
		506EE12510304F7500A389B3 /* InstantAction.h in Headers */ = {isa = PBXBuildFile; fileRef = 506EE08C10304F7500A389B3 /* InstantAction.h */; };
		506EE12610304F7500A389B3 /* InstantAction.m in Sources */ = {isa = PBXBuildFile; fileRef = 506EE08D10304F7500A389B3 /* InstantAction.m */; };
		506EE12710304F7500A389B3 /* IntervalAction.h in Headers */ = {isa = PBXBuildFile; fileRef = 506EE08E10304F7500A389B3 /* IntervalAction.h */; };
		506EE12810304F7500A389B3 /* IntervalAction.m in Sources */ = {isa = PBXBuildFile; fileRef = 506EE08F10304F7500A389B3 /* IntervalAction.m */; };
		506EE12910304F7500A389B3 /* Label.h in Headers */ = {isa = PBXBuildFile; fileRef = 506EE09010304F7500A389B3 /* Label.h */; };
		506EE12A10304F7500A389B3 /* Label.m in Sources */ = {isa = PBXBuildFile; fileRef = 506EE09110304F7500A389B3 /* Label.m */; };
		506EE12B10304F7500A389B3 /* LabelAtlas.h in Headers */ = {isa = PBXBuildFile; fileRef = 506EE09210304F7500A389B3 /* LabelAtlas.h */; };
		506EE12C10304F7500A389B3 /* LabelAtlas.m in Sources */ = {isa = PBXBuildFile; fileRef = 506EE09310304F7500A389B3 /* LabelAtlas.m */; };
		506EE12D10304F7500A389B3 /* Layer.h in Headers */ = {isa = PBXBuildFile; fileRef = 506EE09410304F7500A389B3 /* Layer.h */; };
		506EE12E10304F7500A389B3 /* Layer.m in Sources */ = {isa = PBXBuildFile; fileRef = 506EE09510304F7500A389B3 /* Layer.m */; };
		506EE12F10304F7500A389B3 /* Menu.h in Headers */ = {isa = PBXBuildFile; fileRef = 506EE09610304F7500A389B3 /* Menu.h */; };
		506EE13010304F7500A389B3 /* Menu.m in Sources */ = {isa = PBXBuildFile; fileRef = 506EE09710304F7500A389B3 /* Menu.m */; };
		506EE13110304F7500A389B3 /* MenuItem.h in Headers */ = {isa = PBXBuildFile; fileRef = 506EE09810304F7500A389B3 /* MenuItem.h */; };
		506EE13210304F7500A389B3 /* MenuItem.m in Sources */ = {isa = PBXBuildFile; fileRef = 506EE09910304F7500A389B3 /* MenuItem.m */; };
		506EE13310304F7500A389B3 /* MotionStreak.h in Headers */ = {isa = PBXBuildFile; fileRef = 506EE09A10304F7500A389B3 /* MotionStreak.h */; };
		506EE13410304F7500A389B3 /* MotionStreak.m in Sources */ = {isa = PBXBuildFile; fileRef = 506EE09B10304F7500A389B3 /* MotionStreak.m */; };
		506EE13510304F7500A389B3 /* ParallaxNode.h in Headers */ = {isa = PBXBuildFile; fileRef = 506EE09C10304F7500A389B3 /* ParallaxNode.h */; };
		506EE13610304F7500A389B3 /* ParallaxNode.m in Sources */ = {isa = PBXBuildFile; fileRef = 506EE09D10304F7500A389B3 /* ParallaxNode.m */; };
		506EE13710304F7500A389B3 /* ParticleExamples.h in Headers */ = {isa = PBXBuildFile; fileRef = 506EE09E10304F7500A389B3 /* ParticleExamples.h */; };
		506EE13810304F7500A389B3 /* ParticleExamples.m in Sources */ = {isa = PBXBuildFile; fileRef = 506EE09F10304F7500A389B3 /* ParticleExamples.m */; };
		506EE13910304F7500A389B3 /* ParticleSystem.h in Headers */ = {isa = PBXBuildFile; fileRef = 506EE0A010304F7500A389B3 /* ParticleSystem.h */; };
		506EE13A10304F7500A389B3 /* ParticleSystem.m in Sources */ = {isa = PBXBuildFile; fileRef = 506EE0A110304F7500A389B3 /* ParticleSystem.m */; };
		506EE13B10304F7500A389B3 /* PointParticleSystem.h in Headers */ = {isa = PBXBuildFile; fileRef = 506EE0A210304F7500A389B3 /* PointParticleSystem.h */; };
		506EE13C10304F7500A389B3 /* PointParticleSystem.m in Sources */ = {isa = PBXBuildFile; fileRef = 506EE0A310304F7500A389B3 /* PointParticleSystem.m */; };
		506EE13D10304F7500A389B3 /* QuadParticleSystem.h in Headers */ = {isa = PBXBuildFile; fileRef = 506EE0A410304F7500A389B3 /* QuadParticleSystem.h */; };
		506EE13E10304F7500A389B3 /* QuadParticleSystem.m in Sources */ = {isa = PBXBuildFile; fileRef = 506EE0A510304F7500A389B3 /* QuadParticleSystem.m */; };
		506EE13F10304F7500A389B3 /* RenderTexture.h in Headers */ = {isa = PBXBuildFile; fileRef = 506EE0A610304F7500A389B3 /* RenderTexture.h */; };
		506EE14010304F7500A389B3 /* RenderTexture.m in Sources */ = {isa = PBXBuildFile; fileRef = 506EE0A710304F7500A389B3 /* RenderTexture.m */; };
		506EE14110304F7500A389B3 /* Ribbon.h in Headers */ = {isa = PBXBuildFile; fileRef = 506EE0A810304F7500A389B3 /* Ribbon.h */; };
		506EE14210304F7500A389B3 /* Ribbon.m in Sources */ = {isa = PBXBuildFile; fileRef = 506EE0A910304F7500A389B3 /* Ribbon.m */; };
		506EE14310304F7500A389B3 /* Scene.h in Headers */ = {isa = PBXBuildFile; fileRef = 506EE0AA10304F7500A389B3 /* Scene.h */; };
		506EE14410304F7500A389B3 /* Scene.m in Sources */ = {isa = PBXBuildFile; fileRef = 506EE0AB10304F7500A389B3 /* Scene.m */; };
		506EE14510304F7500A389B3 /* Scheduler.h in Headers */ = {isa = PBXBuildFile; fileRef = 506EE0AC10304F7500A389B3 /* Scheduler.h */; };
		506EE14610304F7500A389B3 /* Scheduler.m in Sources */ = {isa = PBXBuildFile; fileRef = 506EE0AD10304F7500A389B3 /* Scheduler.m */; };
		506EE14710304F7500A389B3 /* Sprite.h in Headers */ = {isa = PBXBuildFile; fileRef = 506EE0AE10304F7500A389B3 /* Sprite.h */; };
		506EE14810304F7500A389B3 /* Sprite.m in Sources */ = {isa = PBXBuildFile; fileRef = 506EE0AF10304F7500A389B3 /* Sprite.m */; };
		506EE14910304F7500A389B3 /* base64.c in Sources */ = {isa = PBXBuildFile; fileRef = 506EE0B110304F7500A389B3 /* base64.c */; };
		506EE14A10304F7500A389B3 /* base64.h in Headers */ = {isa = PBXBuildFile; fileRef = 506EE0B210304F7500A389B3 /* base64.h */; };
		506EE14B10304F7500A389B3 /* ccArray.h in Headers */ = {isa = PBXBuildFile; fileRef = 506EE0B310304F7500A389B3 /* ccArray.h */; };
		506EE14C10304F7500A389B3 /* ccHashSet.h in Headers */ = {isa = PBXBuildFile; fileRef = 506EE0B410304F7500A389B3 /* ccHashSet.h */; };
		506EE14D10304F7500A389B3 /* ccHashSet.m in Sources */ = {isa = PBXBuildFile; fileRef = 506EE0B510304F7500A389B3 /* ccHashSet.m */; };
		506EE14E10304F7500A389B3 /* CGPointExtension.h in Headers */ = {isa = PBXBuildFile; fileRef = 506EE0B610304F7500A389B3 /* CGPointExtension.h */; };
		506EE14F10304F7500A389B3 /* CGPointExtension.m in Sources */ = {isa = PBXBuildFile; fileRef = 506EE0B710304F7500A389B3 /* CGPointExtension.m */; };
		506EE15010304F7500A389B3 /* EAGLView.h in Headers */ = {isa = PBXBuildFile; fileRef = 506EE0B810304F7500A389B3 /* EAGLView.h */; };
		506EE15110304F7500A389B3 /* EAGLView.m in Sources */ = {isa = PBXBuildFile; fileRef = 506EE0B910304F7500A389B3 /* EAGLView.m */; };
		506EE15210304F7500A389B3 /* FileUtils.h in Headers */ = {isa = PBXBuildFile; fileRef = 506EE0BA10304F7500A389B3 /* FileUtils.h */; };
		506EE15310304F7500A389B3 /* FileUtils.m in Sources */ = {isa = PBXBuildFile; fileRef = 506EE0BB10304F7500A389B3 /* FileUtils.m */; };
		506EE15410304F7500A389B3 /* glu.c in Sources */ = {isa = PBXBuildFile; fileRef = 506EE0BC10304F7500A389B3 /* glu.c */; };
		506EE15510304F7500A389B3 /* glu.h in Headers */ = {isa = PBXBuildFile; fileRef = 506EE0BD10304F7500A389B3 /* glu.h */; };
		506EE15610304F7500A389B3 /* OpenGL_Internal.h in Headers */ = {isa = PBXBuildFile; fileRef = 506EE0BE10304F7500A389B3 /* OpenGL_Internal.h */; };
		506EE15710304F7500A389B3 /* PVRTexture.h in Headers */ = {isa = PBXBuildFile; fileRef = 506EE0BF10304F7500A389B3 /* PVRTexture.h */; };
		506EE15810304F7500A389B3 /* PVRTexture.m in Sources */ = {isa = PBXBuildFile; fileRef = 506EE0C010304F7500A389B3 /* PVRTexture.m */; };
		506EE15910304F7500A389B3 /* Texture2D.h in Headers */ = {isa = PBXBuildFile; fileRef = 506EE0C110304F7500A389B3 /* Texture2D.h */; };
		506EE15A10304F7500A389B3 /* Texture2D.m in Sources */ = {isa = PBXBuildFile; fileRef = 506EE0C210304F7500A389B3 /* Texture2D.m */; };
		506EE15B10304F7500A389B3 /* TGAlib.h in Headers */ = {isa = PBXBuildFile; fileRef = 506EE0C310304F7500A389B3 /* TGAlib.h */; };
		506EE15C10304F7500A389B3 /* TGAlib.m in Sources */ = {isa = PBXBuildFile; fileRef = 506EE0C410304F7500A389B3 /* TGAlib.m */; };
		506EE15D10304F7500A389B3 /* TransformUtils.h in Headers */ = {isa = PBXBuildFile; fileRef = 506EE0C510304F7500A389B3 /* TransformUtils.h */; };
		506EE15E10304F7500A389B3 /* TransformUtils.m in Sources */ = {isa = PBXBuildFile; fileRef = 506EE0C610304F7500A389B3 /* TransformUtils.m */; };
		506EE15F10304F7500A389B3 /* ZipUtils.h in Headers */ = {isa = PBXBuildFile; fileRef = 506EE0C710304F7500A389B3 /* ZipUtils.h */; };
		506EE16010304F7500A389B3 /* ZipUtils.m in Sources */ = {isa = PBXBuildFile; fileRef = 506EE0C810304F7500A389B3 /* ZipUtils.m */; };
		506EE16110304F7500A389B3 /* TextureAtlas.h in Headers */ = {isa = PBXBuildFile; fileRef = 506EE0C910304F7500A389B3 /* TextureAtlas.h */; };
		506EE16210304F7500A389B3 /* TextureAtlas.m in Sources */ = {isa = PBXBuildFile; fileRef = 506EE0CA10304F7500A389B3 /* TextureAtlas.m */; };
		506EE16310304F7500A389B3 /* TextureMgr.h in Headers */ = {isa = PBXBuildFile; fileRef = 506EE0CB10304F7500A389B3 /* TextureMgr.h */; };
		506EE16410304F7500A389B3 /* TextureMgr.m in Sources */ = {isa = PBXBuildFile; fileRef = 506EE0CC10304F7500A389B3 /* TextureMgr.m */; };
		506EE16510304F7500A389B3 /* TextureNode.h in Headers */ = {isa = PBXBuildFile; fileRef = 506EE0CD10304F7500A389B3 /* TextureNode.h */; };
		506EE16610304F7500A389B3 /* TextureNode.m in Sources */ = {isa = PBXBuildFile; fileRef = 506EE0CE10304F7500A389B3 /* TextureNode.m */; };
		506EE16710304F7500A389B3 /* TiledGridAction.h in Headers */ = {isa = PBXBuildFile; fileRef = 506EE0CF10304F7500A389B3 /* TiledGridAction.h */; };
		506EE16810304F7500A389B3 /* TiledGridAction.m in Sources */ = {isa = PBXBuildFile; fileRef = 506EE0D010304F7500A389B3 /* TiledGridAction.m */; };
		506EE16910304F7500A389B3 /* TileMapAtlas.h in Headers */ = {isa = PBXBuildFile; fileRef = 506EE0D110304F7500A389B3 /* TileMapAtlas.h */; };
		506EE16A10304F7500A389B3 /* TileMapAtlas.m in Sources */ = {isa = PBXBuildFile; fileRef = 506EE0D210304F7500A389B3 /* TileMapAtlas.m */; };
		506EE16B10304F7500A389B3 /* TMXTiledMap.h in Headers */ = {isa = PBXBuildFile; fileRef = 506EE0D310304F7500A389B3 /* TMXTiledMap.h */; };
		506EE16C10304F7500A389B3 /* TMXTiledMap.m in Sources */ = {isa = PBXBuildFile; fileRef = 506EE0D410304F7500A389B3 /* TMXTiledMap.m */; };
		506EE16D10304F7500A389B3 /* TMXXMLParser.h in Headers */ = {isa = PBXBuildFile; fileRef = 506EE0D510304F7500A389B3 /* TMXXMLParser.h */; };
		506EE16E10304F7500A389B3 /* TMXXMLParser.m in Sources */ = {isa = PBXBuildFile; fileRef = 506EE0D610304F7500A389B3 /* TMXXMLParser.m */; };
		506EE16F10304F7500A389B3 /* TouchDelegateProtocol.h in Headers */ = {isa = PBXBuildFile; fileRef = 506EE0D710304F7500A389B3 /* TouchDelegateProtocol.h */; };
		506EE17010304F7500A389B3 /* TouchDispatcher.h in Headers */ = {isa = PBXBuildFile; fileRef = 506EE0D810304F7500A389B3 /* TouchDispatcher.h */; };
		506EE17110304F7500A389B3 /* TouchDispatcher.m in Sources */ = {isa = PBXBuildFile; fileRef = 506EE0D910304F7500A389B3 /* TouchDispatcher.m */; };
		506EE17210304F7500A389B3 /* TouchHandler.h in Headers */ = {isa = PBXBuildFile; fileRef = 506EE0DA10304F7500A389B3 /* TouchHandler.h */; };
		506EE17310304F7500A389B3 /* TouchHandler.m in Sources */ = {isa = PBXBuildFile; fileRef = 506EE0DB10304F7500A389B3 /* TouchHandler.m */; };
		506EE17410304F7500A389B3 /* Transition.h in Headers */ = {isa = PBXBuildFile; fileRef = 506EE0DC10304F7500A389B3 /* Transition.h */; };
		506EE17510304F7500A389B3 /* Transition.m in Sources */ = {isa = PBXBuildFile; fileRef = 506EE0DD10304F7500A389B3 /* Transition.m */; };
		506EE17610304F7500A389B3 /* CDAudioManager.h in Headers */ = {isa = PBXBuildFile; fileRef = 506EE0DF10304F7500A389B3 /* CDAudioManager.h */; };
		506EE17710304F7500A389B3 /* CDAudioManager.m in Sources */ = {isa = PBXBuildFile; fileRef = 506EE0E010304F7500A389B3 /* CDAudioManager.m */; };
		506EE17810304F7500A389B3 /* CDOpenALSupport.h in Headers */ = {isa = PBXBuildFile; fileRef = 506EE0E110304F7500A389B3 /* CDOpenALSupport.h */; };
		506EE17910304F7500A389B3 /* CocosDenshion.h in Headers */ = {isa = PBXBuildFile; fileRef = 506EE0E210304F7500A389B3 /* CocosDenshion.h */; };
		506EE17A10304F7500A389B3 /* CocosDenshion.m in Sources */ = {isa = PBXBuildFile; fileRef = 506EE0E310304F7500A389B3 /* CocosDenshion.m */; };
		506EE17B10304F7500A389B3 /* SimpleAudioEngine.h in Headers */ = {isa = PBXBuildFile; fileRef = 506EE0E410304F7500A389B3 /* SimpleAudioEngine.h */; };
		506EE17C10304F7500A389B3 /* SimpleAudioEngine.m in Sources */ = {isa = PBXBuildFile; fileRef = 506EE0E510304F7500A389B3 /* SimpleAudioEngine.m */; };
		506EE17D10304F7500A389B3 /* cocoslive.h in Headers */ = {isa = PBXBuildFile; fileRef = 506EE0E710304F7500A389B3 /* cocoslive.h */; };
		506EE17E10304F7500A389B3 /* cocoslive.m in Sources */ = {isa = PBXBuildFile; fileRef = 506EE0E810304F7500A389B3 /* cocoslive.m */; };
		506EE17F10304F7500A389B3 /* ScoreServerPost.h in Headers */ = {isa = PBXBuildFile; fileRef = 506EE0E910304F7500A389B3 /* ScoreServerPost.h */; };
		506EE18010304F7500A389B3 /* ScoreServerPost.m in Sources */ = {isa = PBXBuildFile; fileRef = 506EE0EA10304F7500A389B3 /* ScoreServerPost.m */; };
		506EE18110304F7500A389B3 /* ScoreServerRequest.h in Headers */ = {isa = PBXBuildFile; fileRef = 506EE0EB10304F7500A389B3 /* ScoreServerRequest.h */; };
		506EE18210304F7500A389B3 /* ScoreServerRequest.m in Sources */ = {isa = PBXBuildFile; fileRef = 506EE0EC10304F7500A389B3 /* ScoreServerRequest.m */; };
		506EE18310304F7500A389B3 /* CDataScanner.h in Headers */ = {isa = PBXBuildFile; fileRef = 506EE0EE10304F7500A389B3 /* CDataScanner.h */; };
		506EE18410304F7500A389B3 /* CDataScanner.m in Sources */ = {isa = PBXBuildFile; fileRef = 506EE0EF10304F7500A389B3 /* CDataScanner.m */; };
		506EE18510304F7500A389B3 /* CDataScanner_Extensions.h in Headers */ = {isa = PBXBuildFile; fileRef = 506EE0F110304F7500A389B3 /* CDataScanner_Extensions.h */; };
		506EE18610304F7500A389B3 /* CDataScanner_Extensions.m in Sources */ = {isa = PBXBuildFile; fileRef = 506EE0F210304F7500A389B3 /* CDataScanner_Extensions.m */; };
		506EE18710304F7500A389B3 /* NSCharacterSet_Extensions.h in Headers */ = {isa = PBXBuildFile; fileRef = 506EE0F310304F7500A389B3 /* NSCharacterSet_Extensions.h */; };
		506EE18810304F7500A389B3 /* NSCharacterSet_Extensions.m in Sources */ = {isa = PBXBuildFile; fileRef = 506EE0F410304F7500A389B3 /* NSCharacterSet_Extensions.m */; };
		506EE18910304F7500A389B3 /* NSDictionary_JSONExtensions.h in Headers */ = {isa = PBXBuildFile; fileRef = 506EE0F510304F7500A389B3 /* NSDictionary_JSONExtensions.h */; };
		506EE18A10304F7500A389B3 /* NSDictionary_JSONExtensions.m in Sources */ = {isa = PBXBuildFile; fileRef = 506EE0F610304F7500A389B3 /* NSDictionary_JSONExtensions.m */; };
		506EE18B10304F7500A389B3 /* NSScanner_Extensions.h in Headers */ = {isa = PBXBuildFile; fileRef = 506EE0F710304F7500A389B3 /* NSScanner_Extensions.h */; };
		506EE18C10304F7500A389B3 /* NSScanner_Extensions.m in Sources */ = {isa = PBXBuildFile; fileRef = 506EE0F810304F7500A389B3 /* NSScanner_Extensions.m */; };
		506EE18D10304F7500A389B3 /* CJSONDeserializer.h in Headers */ = {isa = PBXBuildFile; fileRef = 506EE0FA10304F7500A389B3 /* CJSONDeserializer.h */; };
		506EE18E10304F7500A389B3 /* CJSONDeserializer.m in Sources */ = {isa = PBXBuildFile; fileRef = 506EE0FB10304F7500A389B3 /* CJSONDeserializer.m */; };
		506EE18F10304F7500A389B3 /* CJSONScanner.h in Headers */ = {isa = PBXBuildFile; fileRef = 506EE0FC10304F7500A389B3 /* CJSONScanner.h */; };
		506EE19010304F7500A389B3 /* CJSONScanner.m in Sources */ = {isa = PBXBuildFile; fileRef = 506EE0FD10304F7500A389B3 /* CJSONScanner.m */; };
		506EE19110304F7500A389B3 /* CJSONSerializer.h in Headers */ = {isa = PBXBuildFile; fileRef = 506EE0FE10304F7500A389B3 /* CJSONSerializer.h */; };
		506EE19210304F7500A389B3 /* CJSONSerializer.m in Sources */ = {isa = PBXBuildFile; fileRef = 506EE0FF10304F7500A389B3 /* CJSONSerializer.m */; };
		506EE1A91030508200A389B3 /* libcocos2d libraries.a in Frameworks */ = {isa = PBXBuildFile; fileRef = 506EE05E10304ED200A389B3 /* libcocos2d libraries.a */; };
		CA3EACB90FEE7024004BBF8E /* fps_images.png in Resources */ = {isa = PBXBuildFile; fileRef = CA3EACB80FEE7024004BBF8E /* fps_images.png */; };
		DC6640030F83B3EA000B3E49 /* AudioToolbox.framework in Frameworks */ = {isa = PBXBuildFile; fileRef = DC6640020F83B3EA000B3E49 /* AudioToolbox.framework */; };
		DC6640050F83B3EA000B3E49 /* OpenAL.framework in Frameworks */ = {isa = PBXBuildFile; fileRef = DC6640040F83B3EA000B3E49 /* OpenAL.framework */; };
		DCCBF1B70F6022AE0040855A /* CoreGraphics.framework in Frameworks */ = {isa = PBXBuildFile; fileRef = DCCBF1B60F6022AE0040855A /* CoreGraphics.framework */; };
		DCCBF1B90F6022AE0040855A /* Foundation.framework in Frameworks */ = {isa = PBXBuildFile; fileRef = DCCBF1B80F6022AE0040855A /* Foundation.framework */; };
		DCCBF1BB0F6022AE0040855A /* OpenGLES.framework in Frameworks */ = {isa = PBXBuildFile; fileRef = DCCBF1BA0F6022AE0040855A /* OpenGLES.framework */; };
		DCCBF1BD0F6022AE0040855A /* QuartzCore.framework in Frameworks */ = {isa = PBXBuildFile; fileRef = DCCBF1BC0F6022AE0040855A /* QuartzCore.framework */; };
		DCCBF1BF0F6022AE0040855A /* UIKit.framework in Frameworks */ = {isa = PBXBuildFile; fileRef = DCCBF1BE0F6022AE0040855A /* UIKit.framework */; };
/* End PBXBuildFile section */

/* Begin PBXContainerItemProxy section */
		506EE1A71030507B00A389B3 /* PBXContainerItemProxy */ = {
			isa = PBXContainerItemProxy;
			containerPortal = 29B97313FDCFA39411CA2CEA /* Project object */;
			proxyType = 1;
			remoteGlobalIDString = 506EE05D10304ED200A389B3 /* cocos2d libraries */;
			remoteInfo = "cocos2d libraries";
		};
/* End PBXContainerItemProxy section */

/* Begin PBXFileReference section */
		1D6058910D05DD3D006BFB54 /* ___PROJECTNAME___.app */ = {isa = PBXFileReference; explicitFileType = wrapper.application; includeInIndex = 0; path = "___PROJECTNAME___.app"; sourceTree = BUILT_PRODUCTS_DIR; };
		1F3B9A2B0EF2145700286867 /* ___PROJECTNAMEASIDENTIFIER___AppDelegate.m */ = {isa = PBXFileReference; fileEncoding = 4; lastKnownFileType = sourcecode.c.objc; name = "___PROJECTNAMEASIDENTIFIER___AppDelegate.m"; path = "Classes/___PROJECTNAMEASIDENTIFIER___AppDelegate.m"; sourceTree = SOURCE_ROOT; };
		1F3B9A2C0EF2145700286867 /* ___PROJECTNAMEASIDENTIFIER___AppDelegate.h */ = {isa = PBXFileReference; fileEncoding = 4; lastKnownFileType = sourcecode.c.h; name = "___PROJECTNAMEASIDENTIFIER___AppDelegate.h"; path = "Classes/___PROJECTNAMEASIDENTIFIER___AppDelegate.h"; sourceTree = SOURCE_ROOT; };
		1F3B9A820EF2151B00286867 /* ___PROJECTNAMEASIDENTIFIER____Prefix.pch */ = {isa = PBXFileReference; fileEncoding = 4; lastKnownFileType = sourcecode.c.h; path = "___PROJECTNAMEASIDENTIFIER____Prefix.pch"; sourceTree = SOURCE_ROOT; };
		29B97316FDCFA39411CA2CEA /* main.m */ = {isa = PBXFileReference; fileEncoding = 4; lastKnownFileType = sourcecode.c.objc; path = main.m; sourceTree = "<group>"; };
		506EDB87102F4C4000A389B3 /* libz.dylib */ = {isa = PBXFileReference; lastKnownFileType = "compiled.mach-o.dylib"; name = libz.dylib; path = usr/lib/libz.dylib; sourceTree = SDKROOT; };
		506EDBA4102F4C9F00A389B3 /* AVFoundation.framework */ = {isa = PBXFileReference; lastKnownFileType = wrapper.framework; name = AVFoundation.framework; path = System/Library/Frameworks/AVFoundation.framework; sourceTree = SDKROOT; };
		506EDC2F102F528A00A389B3 /* HelloWorldScene.h */ = {isa = PBXFileReference; fileEncoding = 4; lastKnownFileType = sourcecode.c.h; path = HelloWorldScene.h; sourceTree = "<group>"; };
		506EDC30102F528A00A389B3 /* HelloWorldScene.m */ = {isa = PBXFileReference; fileEncoding = 4; lastKnownFileType = sourcecode.c.objc; path = HelloWorldScene.m; sourceTree = "<group>"; };
		506EE05E10304ED200A389B3 /* libcocos2d libraries.a */ = {isa = PBXFileReference; explicitFileType = archive.ar; includeInIndex = 0; path = "libcocos2d libraries.a"; sourceTree = BUILT_PRODUCTS_DIR; };
		506EE06710304F7500A389B3 /* Action.h */ = {isa = PBXFileReference; fileEncoding = 4; lastKnownFileType = sourcecode.c.h; path = Action.h; sourceTree = "<group>"; };
		506EE06810304F7500A389B3 /* Action.m */ = {isa = PBXFileReference; fileEncoding = 4; lastKnownFileType = sourcecode.c.objc; path = Action.m; sourceTree = "<group>"; };
		506EE06910304F7500A389B3 /* ActionManager.h */ = {isa = PBXFileReference; fileEncoding = 4; lastKnownFileType = sourcecode.c.h; path = ActionManager.h; sourceTree = "<group>"; };
		506EE06A10304F7500A389B3 /* ActionManager.m */ = {isa = PBXFileReference; fileEncoding = 4; lastKnownFileType = sourcecode.c.objc; path = ActionManager.m; sourceTree = "<group>"; };
		506EE06B10304F7500A389B3 /* AtlasNode.h */ = {isa = PBXFileReference; fileEncoding = 4; lastKnownFileType = sourcecode.c.h; path = AtlasNode.h; sourceTree = "<group>"; };
		506EE06C10304F7500A389B3 /* AtlasNode.m */ = {isa = PBXFileReference; fileEncoding = 4; lastKnownFileType = sourcecode.c.objc; path = AtlasNode.m; sourceTree = "<group>"; };
		506EE06D10304F7500A389B3 /* AtlasSprite.h */ = {isa = PBXFileReference; fileEncoding = 4; lastKnownFileType = sourcecode.c.h; path = AtlasSprite.h; sourceTree = "<group>"; };
		506EE06E10304F7500A389B3 /* AtlasSprite.m */ = {isa = PBXFileReference; fileEncoding = 4; lastKnownFileType = sourcecode.c.objc; path = AtlasSprite.m; sourceTree = "<group>"; };
		506EE06F10304F7500A389B3 /* AtlasSpriteManager.h */ = {isa = PBXFileReference; fileEncoding = 4; lastKnownFileType = sourcecode.c.h; path = AtlasSpriteManager.h; sourceTree = "<group>"; };
		506EE07010304F7500A389B3 /* AtlasSpriteManager.m */ = {isa = PBXFileReference; fileEncoding = 4; lastKnownFileType = sourcecode.c.objc; path = AtlasSpriteManager.m; sourceTree = "<group>"; };
		506EE07110304F7500A389B3 /* BitmapFontAtlas.h */ = {isa = PBXFileReference; fileEncoding = 4; lastKnownFileType = sourcecode.c.h; path = BitmapFontAtlas.h; sourceTree = "<group>"; };
		506EE07210304F7500A389B3 /* BitmapFontAtlas.m */ = {isa = PBXFileReference; fileEncoding = 4; lastKnownFileType = sourcecode.c.objc; path = BitmapFontAtlas.m; sourceTree = "<group>"; };
		506EE07310304F7500A389B3 /* Camera.h */ = {isa = PBXFileReference; fileEncoding = 4; lastKnownFileType = sourcecode.c.h; path = Camera.h; sourceTree = "<group>"; };
		506EE07410304F7500A389B3 /* Camera.m */ = {isa = PBXFileReference; fileEncoding = 4; lastKnownFileType = sourcecode.c.objc; path = Camera.m; sourceTree = "<group>"; };
		506EE07510304F7500A389B3 /* CameraAction.h */ = {isa = PBXFileReference; fileEncoding = 4; lastKnownFileType = sourcecode.c.h; path = CameraAction.h; sourceTree = "<group>"; };
		506EE07610304F7500A389B3 /* CameraAction.m */ = {isa = PBXFileReference; fileEncoding = 4; lastKnownFileType = sourcecode.c.objc; path = CameraAction.m; sourceTree = "<group>"; };
		506EE07710304F7500A389B3 /* ccExceptions.h */ = {isa = PBXFileReference; fileEncoding = 4; lastKnownFileType = sourcecode.c.h; path = ccExceptions.h; sourceTree = "<group>"; };
		506EE07810304F7500A389B3 /* ccMacros.h */ = {isa = PBXFileReference; fileEncoding = 4; lastKnownFileType = sourcecode.c.h; path = ccMacros.h; sourceTree = "<group>"; };
		506EE07910304F7500A389B3 /* ccTypes.h */ = {isa = PBXFileReference; fileEncoding = 4; lastKnownFileType = sourcecode.c.h; path = ccTypes.h; sourceTree = "<group>"; };
		506EE07A10304F7500A389B3 /* cocos2d.h */ = {isa = PBXFileReference; fileEncoding = 4; lastKnownFileType = sourcecode.c.h; path = cocos2d.h; sourceTree = "<group>"; };
		506EE07B10304F7500A389B3 /* cocos2d.m */ = {isa = PBXFileReference; fileEncoding = 4; lastKnownFileType = sourcecode.c.objc; path = cocos2d.m; sourceTree = "<group>"; };
		506EE07C10304F7500A389B3 /* CocosNode.h */ = {isa = PBXFileReference; fileEncoding = 4; lastKnownFileType = sourcecode.c.h; path = CocosNode.h; sourceTree = "<group>"; };
		506EE07D10304F7500A389B3 /* CocosNode.m */ = {isa = PBXFileReference; fileEncoding = 4; lastKnownFileType = sourcecode.c.objc; path = CocosNode.m; sourceTree = "<group>"; };
		506EE07E10304F7500A389B3 /* Director.h */ = {isa = PBXFileReference; fileEncoding = 4; lastKnownFileType = sourcecode.c.h; path = Director.h; sourceTree = "<group>"; };
		506EE07F10304F7500A389B3 /* Director.m */ = {isa = PBXFileReference; fileEncoding = 4; lastKnownFileType = sourcecode.c.objc; path = Director.m; sourceTree = "<group>"; };
		506EE08010304F7500A389B3 /* DrawingPrimitives.h */ = {isa = PBXFileReference; fileEncoding = 4; lastKnownFileType = sourcecode.c.h; path = DrawingPrimitives.h; sourceTree = "<group>"; };
		506EE08110304F7500A389B3 /* DrawingPrimitives.m */ = {isa = PBXFileReference; fileEncoding = 4; lastKnownFileType = sourcecode.c.objc; path = DrawingPrimitives.m; sourceTree = "<group>"; };
		506EE08210304F7500A389B3 /* EaseAction.h */ = {isa = PBXFileReference; fileEncoding = 4; lastKnownFileType = sourcecode.c.h; path = EaseAction.h; sourceTree = "<group>"; };
		506EE08310304F7500A389B3 /* EaseAction.m */ = {isa = PBXFileReference; fileEncoding = 4; lastKnownFileType = sourcecode.c.objc; path = EaseAction.m; sourceTree = "<group>"; };
		506EE08410304F7500A389B3 /* Grabber.h */ = {isa = PBXFileReference; fileEncoding = 4; lastKnownFileType = sourcecode.c.h; path = Grabber.h; sourceTree = "<group>"; };
		506EE08510304F7500A389B3 /* Grabber.m */ = {isa = PBXFileReference; fileEncoding = 4; lastKnownFileType = sourcecode.c.objc; path = Grabber.m; sourceTree = "<group>"; };
		506EE08610304F7500A389B3 /* Grid.h */ = {isa = PBXFileReference; fileEncoding = 4; lastKnownFileType = sourcecode.c.h; path = Grid.h; sourceTree = "<group>"; };
		506EE08710304F7500A389B3 /* Grid.m */ = {isa = PBXFileReference; fileEncoding = 4; lastKnownFileType = sourcecode.c.objc; path = Grid.m; sourceTree = "<group>"; };
		506EE08810304F7500A389B3 /* Grid3DAction.h */ = {isa = PBXFileReference; fileEncoding = 4; lastKnownFileType = sourcecode.c.h; path = Grid3DAction.h; sourceTree = "<group>"; };
		506EE08910304F7500A389B3 /* Grid3DAction.m */ = {isa = PBXFileReference; fileEncoding = 4; lastKnownFileType = sourcecode.c.objc; path = Grid3DAction.m; sourceTree = "<group>"; };
		506EE08A10304F7500A389B3 /* GridAction.h */ = {isa = PBXFileReference; fileEncoding = 4; lastKnownFileType = sourcecode.c.h; path = GridAction.h; sourceTree = "<group>"; };
		506EE08B10304F7500A389B3 /* GridAction.m */ = {isa = PBXFileReference; fileEncoding = 4; lastKnownFileType = sourcecode.c.objc; path = GridAction.m; sourceTree = "<group>"; };
		506EE08C10304F7500A389B3 /* InstantAction.h */ = {isa = PBXFileReference; fileEncoding = 4; lastKnownFileType = sourcecode.c.h; path = InstantAction.h; sourceTree = "<group>"; };
		506EE08D10304F7500A389B3 /* InstantAction.m */ = {isa = PBXFileReference; fileEncoding = 4; lastKnownFileType = sourcecode.c.objc; path = InstantAction.m; sourceTree = "<group>"; };
		506EE08E10304F7500A389B3 /* IntervalAction.h */ = {isa = PBXFileReference; fileEncoding = 4; lastKnownFileType = sourcecode.c.h; path = IntervalAction.h; sourceTree = "<group>"; };
		506EE08F10304F7500A389B3 /* IntervalAction.m */ = {isa = PBXFileReference; fileEncoding = 4; lastKnownFileType = sourcecode.c.objc; path = IntervalAction.m; sourceTree = "<group>"; };
		506EE09010304F7500A389B3 /* Label.h */ = {isa = PBXFileReference; fileEncoding = 4; lastKnownFileType = sourcecode.c.h; path = Label.h; sourceTree = "<group>"; };
		506EE09110304F7500A389B3 /* Label.m */ = {isa = PBXFileReference; fileEncoding = 4; lastKnownFileType = sourcecode.c.objc; path = Label.m; sourceTree = "<group>"; };
		506EE09210304F7500A389B3 /* LabelAtlas.h */ = {isa = PBXFileReference; fileEncoding = 4; lastKnownFileType = sourcecode.c.h; path = LabelAtlas.h; sourceTree = "<group>"; };
		506EE09310304F7500A389B3 /* LabelAtlas.m */ = {isa = PBXFileReference; fileEncoding = 4; lastKnownFileType = sourcecode.c.objc; path = LabelAtlas.m; sourceTree = "<group>"; };
		506EE09410304F7500A389B3 /* Layer.h */ = {isa = PBXFileReference; fileEncoding = 4; lastKnownFileType = sourcecode.c.h; path = Layer.h; sourceTree = "<group>"; };
		506EE09510304F7500A389B3 /* Layer.m */ = {isa = PBXFileReference; fileEncoding = 4; lastKnownFileType = sourcecode.c.objc; path = Layer.m; sourceTree = "<group>"; };
		506EE09610304F7500A389B3 /* Menu.h */ = {isa = PBXFileReference; fileEncoding = 4; lastKnownFileType = sourcecode.c.h; path = Menu.h; sourceTree = "<group>"; };
		506EE09710304F7500A389B3 /* Menu.m */ = {isa = PBXFileReference; fileEncoding = 4; lastKnownFileType = sourcecode.c.objc; path = Menu.m; sourceTree = "<group>"; };
		506EE09810304F7500A389B3 /* MenuItem.h */ = {isa = PBXFileReference; fileEncoding = 4; lastKnownFileType = sourcecode.c.h; path = MenuItem.h; sourceTree = "<group>"; };
		506EE09910304F7500A389B3 /* MenuItem.m */ = {isa = PBXFileReference; fileEncoding = 4; lastKnownFileType = sourcecode.c.objc; path = MenuItem.m; sourceTree = "<group>"; };
		506EE09A10304F7500A389B3 /* MotionStreak.h */ = {isa = PBXFileReference; fileEncoding = 4; lastKnownFileType = sourcecode.c.h; path = MotionStreak.h; sourceTree = "<group>"; };
		506EE09B10304F7500A389B3 /* MotionStreak.m */ = {isa = PBXFileReference; fileEncoding = 4; lastKnownFileType = sourcecode.c.objc; path = MotionStreak.m; sourceTree = "<group>"; };
		506EE09C10304F7500A389B3 /* ParallaxNode.h */ = {isa = PBXFileReference; fileEncoding = 4; lastKnownFileType = sourcecode.c.h; path = ParallaxNode.h; sourceTree = "<group>"; };
		506EE09D10304F7500A389B3 /* ParallaxNode.m */ = {isa = PBXFileReference; fileEncoding = 4; lastKnownFileType = sourcecode.c.objc; path = ParallaxNode.m; sourceTree = "<group>"; };
		506EE09E10304F7500A389B3 /* ParticleExamples.h */ = {isa = PBXFileReference; fileEncoding = 4; lastKnownFileType = sourcecode.c.h; path = ParticleExamples.h; sourceTree = "<group>"; };
		506EE09F10304F7500A389B3 /* ParticleExamples.m */ = {isa = PBXFileReference; fileEncoding = 4; lastKnownFileType = sourcecode.c.objc; path = ParticleExamples.m; sourceTree = "<group>"; };
		506EE0A010304F7500A389B3 /* ParticleSystem.h */ = {isa = PBXFileReference; fileEncoding = 4; lastKnownFileType = sourcecode.c.h; path = ParticleSystem.h; sourceTree = "<group>"; };
		506EE0A110304F7500A389B3 /* ParticleSystem.m */ = {isa = PBXFileReference; fileEncoding = 4; lastKnownFileType = sourcecode.c.objc; path = ParticleSystem.m; sourceTree = "<group>"; };
		506EE0A210304F7500A389B3 /* PointParticleSystem.h */ = {isa = PBXFileReference; fileEncoding = 4; lastKnownFileType = sourcecode.c.h; path = PointParticleSystem.h; sourceTree = "<group>"; };
		506EE0A310304F7500A389B3 /* PointParticleSystem.m */ = {isa = PBXFileReference; fileEncoding = 4; lastKnownFileType = sourcecode.c.objc; path = PointParticleSystem.m; sourceTree = "<group>"; };
		506EE0A410304F7500A389B3 /* QuadParticleSystem.h */ = {isa = PBXFileReference; fileEncoding = 4; lastKnownFileType = sourcecode.c.h; path = QuadParticleSystem.h; sourceTree = "<group>"; };
		506EE0A510304F7500A389B3 /* QuadParticleSystem.m */ = {isa = PBXFileReference; fileEncoding = 4; lastKnownFileType = sourcecode.c.objc; path = QuadParticleSystem.m; sourceTree = "<group>"; };
		506EE0A610304F7500A389B3 /* RenderTexture.h */ = {isa = PBXFileReference; fileEncoding = 4; lastKnownFileType = sourcecode.c.h; path = RenderTexture.h; sourceTree = "<group>"; };
		506EE0A710304F7500A389B3 /* RenderTexture.m */ = {isa = PBXFileReference; fileEncoding = 4; lastKnownFileType = sourcecode.c.objc; path = RenderTexture.m; sourceTree = "<group>"; };
		506EE0A810304F7500A389B3 /* Ribbon.h */ = {isa = PBXFileReference; fileEncoding = 4; lastKnownFileType = sourcecode.c.h; path = Ribbon.h; sourceTree = "<group>"; };
		506EE0A910304F7500A389B3 /* Ribbon.m */ = {isa = PBXFileReference; fileEncoding = 4; lastKnownFileType = sourcecode.c.objc; path = Ribbon.m; sourceTree = "<group>"; };
		506EE0AA10304F7500A389B3 /* Scene.h */ = {isa = PBXFileReference; fileEncoding = 4; lastKnownFileType = sourcecode.c.h; path = Scene.h; sourceTree = "<group>"; };
		506EE0AB10304F7500A389B3 /* Scene.m */ = {isa = PBXFileReference; fileEncoding = 4; lastKnownFileType = sourcecode.c.objc; path = Scene.m; sourceTree = "<group>"; };
		506EE0AC10304F7500A389B3 /* Scheduler.h */ = {isa = PBXFileReference; fileEncoding = 4; lastKnownFileType = sourcecode.c.h; path = Scheduler.h; sourceTree = "<group>"; };
		506EE0AD10304F7500A389B3 /* Scheduler.m */ = {isa = PBXFileReference; fileEncoding = 4; lastKnownFileType = sourcecode.c.objc; path = Scheduler.m; sourceTree = "<group>"; };
		506EE0AE10304F7500A389B3 /* Sprite.h */ = {isa = PBXFileReference; fileEncoding = 4; lastKnownFileType = sourcecode.c.h; path = Sprite.h; sourceTree = "<group>"; };
		506EE0AF10304F7500A389B3 /* Sprite.m */ = {isa = PBXFileReference; fileEncoding = 4; lastKnownFileType = sourcecode.c.objc; path = Sprite.m; sourceTree = "<group>"; };
		506EE0B110304F7500A389B3 /* base64.c */ = {isa = PBXFileReference; fileEncoding = 4; lastKnownFileType = sourcecode.c.c; path = base64.c; sourceTree = "<group>"; };
		506EE0B210304F7500A389B3 /* base64.h */ = {isa = PBXFileReference; fileEncoding = 4; lastKnownFileType = sourcecode.c.h; path = base64.h; sourceTree = "<group>"; };
		506EE0B310304F7500A389B3 /* ccArray.h */ = {isa = PBXFileReference; fileEncoding = 4; lastKnownFileType = sourcecode.c.h; path = ccArray.h; sourceTree = "<group>"; };
		506EE0B410304F7500A389B3 /* ccHashSet.h */ = {isa = PBXFileReference; fileEncoding = 4; lastKnownFileType = sourcecode.c.h; path = ccHashSet.h; sourceTree = "<group>"; };
		506EE0B510304F7500A389B3 /* ccHashSet.m */ = {isa = PBXFileReference; fileEncoding = 4; lastKnownFileType = sourcecode.c.objc; path = ccHashSet.m; sourceTree = "<group>"; };
		506EE0B610304F7500A389B3 /* CGPointExtension.h */ = {isa = PBXFileReference; fileEncoding = 4; lastKnownFileType = sourcecode.c.h; path = CGPointExtension.h; sourceTree = "<group>"; };
		506EE0B710304F7500A389B3 /* CGPointExtension.m */ = {isa = PBXFileReference; fileEncoding = 4; lastKnownFileType = sourcecode.c.objc; path = CGPointExtension.m; sourceTree = "<group>"; };
		506EE0B810304F7500A389B3 /* EAGLView.h */ = {isa = PBXFileReference; fileEncoding = 4; lastKnownFileType = sourcecode.c.h; path = EAGLView.h; sourceTree = "<group>"; };
		506EE0B910304F7500A389B3 /* EAGLView.m */ = {isa = PBXFileReference; fileEncoding = 4; lastKnownFileType = sourcecode.c.objc; path = EAGLView.m; sourceTree = "<group>"; };
		506EE0BA10304F7500A389B3 /* FileUtils.h */ = {isa = PBXFileReference; fileEncoding = 4; lastKnownFileType = sourcecode.c.h; path = FileUtils.h; sourceTree = "<group>"; };
		506EE0BB10304F7500A389B3 /* FileUtils.m */ = {isa = PBXFileReference; fileEncoding = 4; lastKnownFileType = sourcecode.c.objc; path = FileUtils.m; sourceTree = "<group>"; };
		506EE0BC10304F7500A389B3 /* glu.c */ = {isa = PBXFileReference; fileEncoding = 4; lastKnownFileType = sourcecode.c.c; path = glu.c; sourceTree = "<group>"; };
		506EE0BD10304F7500A389B3 /* glu.h */ = {isa = PBXFileReference; fileEncoding = 4; lastKnownFileType = sourcecode.c.h; path = glu.h; sourceTree = "<group>"; };
		506EE0BE10304F7500A389B3 /* OpenGL_Internal.h */ = {isa = PBXFileReference; fileEncoding = 4; lastKnownFileType = sourcecode.c.h; path = OpenGL_Internal.h; sourceTree = "<group>"; };
		506EE0BF10304F7500A389B3 /* PVRTexture.h */ = {isa = PBXFileReference; fileEncoding = 4; lastKnownFileType = sourcecode.c.h; path = PVRTexture.h; sourceTree = "<group>"; };
		506EE0C010304F7500A389B3 /* PVRTexture.m */ = {isa = PBXFileReference; fileEncoding = 4; lastKnownFileType = sourcecode.c.objc; path = PVRTexture.m; sourceTree = "<group>"; };
		506EE0C110304F7500A389B3 /* Texture2D.h */ = {isa = PBXFileReference; fileEncoding = 4; lastKnownFileType = sourcecode.c.h; path = Texture2D.h; sourceTree = "<group>"; };
		506EE0C210304F7500A389B3 /* Texture2D.m */ = {isa = PBXFileReference; fileEncoding = 4; lastKnownFileType = sourcecode.c.objc; path = Texture2D.m; sourceTree = "<group>"; };
		506EE0C310304F7500A389B3 /* TGAlib.h */ = {isa = PBXFileReference; fileEncoding = 4; lastKnownFileType = sourcecode.c.h; path = TGAlib.h; sourceTree = "<group>"; };
		506EE0C410304F7500A389B3 /* TGAlib.m */ = {isa = PBXFileReference; fileEncoding = 4; lastKnownFileType = sourcecode.c.objc; path = TGAlib.m; sourceTree = "<group>"; };
		506EE0C510304F7500A389B3 /* TransformUtils.h */ = {isa = PBXFileReference; fileEncoding = 4; lastKnownFileType = sourcecode.c.h; path = TransformUtils.h; sourceTree = "<group>"; };
		506EE0C610304F7500A389B3 /* TransformUtils.m */ = {isa = PBXFileReference; fileEncoding = 4; lastKnownFileType = sourcecode.c.objc; path = TransformUtils.m; sourceTree = "<group>"; };
		506EE0C710304F7500A389B3 /* ZipUtils.h */ = {isa = PBXFileReference; fileEncoding = 4; lastKnownFileType = sourcecode.c.h; path = ZipUtils.h; sourceTree = "<group>"; };
		506EE0C810304F7500A389B3 /* ZipUtils.m */ = {isa = PBXFileReference; fileEncoding = 4; lastKnownFileType = sourcecode.c.objc; path = ZipUtils.m; sourceTree = "<group>"; };
		506EE0C910304F7500A389B3 /* TextureAtlas.h */ = {isa = PBXFileReference; fileEncoding = 4; lastKnownFileType = sourcecode.c.h; path = TextureAtlas.h; sourceTree = "<group>"; };
		506EE0CA10304F7500A389B3 /* TextureAtlas.m */ = {isa = PBXFileReference; fileEncoding = 4; lastKnownFileType = sourcecode.c.objc; path = TextureAtlas.m; sourceTree = "<group>"; };
		506EE0CB10304F7500A389B3 /* TextureMgr.h */ = {isa = PBXFileReference; fileEncoding = 4; lastKnownFileType = sourcecode.c.h; path = TextureMgr.h; sourceTree = "<group>"; };
		506EE0CC10304F7500A389B3 /* TextureMgr.m */ = {isa = PBXFileReference; fileEncoding = 4; lastKnownFileType = sourcecode.c.objc; path = TextureMgr.m; sourceTree = "<group>"; };
		506EE0CD10304F7500A389B3 /* TextureNode.h */ = {isa = PBXFileReference; fileEncoding = 4; lastKnownFileType = sourcecode.c.h; path = TextureNode.h; sourceTree = "<group>"; };
		506EE0CE10304F7500A389B3 /* TextureNode.m */ = {isa = PBXFileReference; fileEncoding = 4; lastKnownFileType = sourcecode.c.objc; path = TextureNode.m; sourceTree = "<group>"; };
		506EE0CF10304F7500A389B3 /* TiledGridAction.h */ = {isa = PBXFileReference; fileEncoding = 4; lastKnownFileType = sourcecode.c.h; path = TiledGridAction.h; sourceTree = "<group>"; };
		506EE0D010304F7500A389B3 /* TiledGridAction.m */ = {isa = PBXFileReference; fileEncoding = 4; lastKnownFileType = sourcecode.c.objc; path = TiledGridAction.m; sourceTree = "<group>"; };
		506EE0D110304F7500A389B3 /* TileMapAtlas.h */ = {isa = PBXFileReference; fileEncoding = 4; lastKnownFileType = sourcecode.c.h; path = TileMapAtlas.h; sourceTree = "<group>"; };
		506EE0D210304F7500A389B3 /* TileMapAtlas.m */ = {isa = PBXFileReference; fileEncoding = 4; lastKnownFileType = sourcecode.c.objc; path = TileMapAtlas.m; sourceTree = "<group>"; };
		506EE0D310304F7500A389B3 /* TMXTiledMap.h */ = {isa = PBXFileReference; fileEncoding = 4; lastKnownFileType = sourcecode.c.h; path = TMXTiledMap.h; sourceTree = "<group>"; };
		506EE0D410304F7500A389B3 /* TMXTiledMap.m */ = {isa = PBXFileReference; fileEncoding = 4; lastKnownFileType = sourcecode.c.objc; path = TMXTiledMap.m; sourceTree = "<group>"; };
		506EE0D510304F7500A389B3 /* TMXXMLParser.h */ = {isa = PBXFileReference; fileEncoding = 4; lastKnownFileType = sourcecode.c.h; path = TMXXMLParser.h; sourceTree = "<group>"; };
		506EE0D610304F7500A389B3 /* TMXXMLParser.m */ = {isa = PBXFileReference; fileEncoding = 4; lastKnownFileType = sourcecode.c.objc; path = TMXXMLParser.m; sourceTree = "<group>"; };
		506EE0D710304F7500A389B3 /* TouchDelegateProtocol.h */ = {isa = PBXFileReference; fileEncoding = 4; lastKnownFileType = sourcecode.c.h; path = TouchDelegateProtocol.h; sourceTree = "<group>"; };
		506EE0D810304F7500A389B3 /* TouchDispatcher.h */ = {isa = PBXFileReference; fileEncoding = 4; lastKnownFileType = sourcecode.c.h; path = TouchDispatcher.h; sourceTree = "<group>"; };
		506EE0D910304F7500A389B3 /* TouchDispatcher.m */ = {isa = PBXFileReference; fileEncoding = 4; lastKnownFileType = sourcecode.c.objc; path = TouchDispatcher.m; sourceTree = "<group>"; };
		506EE0DA10304F7500A389B3 /* TouchHandler.h */ = {isa = PBXFileReference; fileEncoding = 4; lastKnownFileType = sourcecode.c.h; path = TouchHandler.h; sourceTree = "<group>"; };
		506EE0DB10304F7500A389B3 /* TouchHandler.m */ = {isa = PBXFileReference; fileEncoding = 4; lastKnownFileType = sourcecode.c.objc; path = TouchHandler.m; sourceTree = "<group>"; };
		506EE0DC10304F7500A389B3 /* Transition.h */ = {isa = PBXFileReference; fileEncoding = 4; lastKnownFileType = sourcecode.c.h; path = Transition.h; sourceTree = "<group>"; };
		506EE0DD10304F7500A389B3 /* Transition.m */ = {isa = PBXFileReference; fileEncoding = 4; lastKnownFileType = sourcecode.c.objc; path = Transition.m; sourceTree = "<group>"; };
		506EE0DF10304F7500A389B3 /* CDAudioManager.h */ = {isa = PBXFileReference; fileEncoding = 4; lastKnownFileType = sourcecode.c.h; path = CDAudioManager.h; sourceTree = "<group>"; };
		506EE0E010304F7500A389B3 /* CDAudioManager.m */ = {isa = PBXFileReference; fileEncoding = 4; lastKnownFileType = sourcecode.c.objc; path = CDAudioManager.m; sourceTree = "<group>"; };
		506EE0E110304F7500A389B3 /* CDOpenALSupport.h */ = {isa = PBXFileReference; fileEncoding = 4; lastKnownFileType = sourcecode.c.h; path = CDOpenALSupport.h; sourceTree = "<group>"; };
		506EE0E210304F7500A389B3 /* CocosDenshion.h */ = {isa = PBXFileReference; fileEncoding = 4; lastKnownFileType = sourcecode.c.h; path = CocosDenshion.h; sourceTree = "<group>"; };
		506EE0E310304F7500A389B3 /* CocosDenshion.m */ = {isa = PBXFileReference; fileEncoding = 4; lastKnownFileType = sourcecode.c.objc; path = CocosDenshion.m; sourceTree = "<group>"; };
		506EE0E410304F7500A389B3 /* SimpleAudioEngine.h */ = {isa = PBXFileReference; fileEncoding = 4; lastKnownFileType = sourcecode.c.h; path = SimpleAudioEngine.h; sourceTree = "<group>"; };
		506EE0E510304F7500A389B3 /* SimpleAudioEngine.m */ = {isa = PBXFileReference; fileEncoding = 4; lastKnownFileType = sourcecode.c.objc; path = SimpleAudioEngine.m; sourceTree = "<group>"; };
		506EE0E710304F7500A389B3 /* cocoslive.h */ = {isa = PBXFileReference; fileEncoding = 4; lastKnownFileType = sourcecode.c.h; path = cocoslive.h; sourceTree = "<group>"; };
		506EE0E810304F7500A389B3 /* cocoslive.m */ = {isa = PBXFileReference; fileEncoding = 4; lastKnownFileType = sourcecode.c.objc; path = cocoslive.m; sourceTree = "<group>"; };
		506EE0E910304F7500A389B3 /* ScoreServerPost.h */ = {isa = PBXFileReference; fileEncoding = 4; lastKnownFileType = sourcecode.c.h; path = ScoreServerPost.h; sourceTree = "<group>"; };
		506EE0EA10304F7500A389B3 /* ScoreServerPost.m */ = {isa = PBXFileReference; fileEncoding = 4; lastKnownFileType = sourcecode.c.objc; path = ScoreServerPost.m; sourceTree = "<group>"; };
		506EE0EB10304F7500A389B3 /* ScoreServerRequest.h */ = {isa = PBXFileReference; fileEncoding = 4; lastKnownFileType = sourcecode.c.h; path = ScoreServerRequest.h; sourceTree = "<group>"; };
		506EE0EC10304F7500A389B3 /* ScoreServerRequest.m */ = {isa = PBXFileReference; fileEncoding = 4; lastKnownFileType = sourcecode.c.objc; path = ScoreServerRequest.m; sourceTree = "<group>"; };
		506EE0EE10304F7500A389B3 /* CDataScanner.h */ = {isa = PBXFileReference; fileEncoding = 4; lastKnownFileType = sourcecode.c.h; path = CDataScanner.h; sourceTree = "<group>"; };
		506EE0EF10304F7500A389B3 /* CDataScanner.m */ = {isa = PBXFileReference; fileEncoding = 4; lastKnownFileType = sourcecode.c.objc; path = CDataScanner.m; sourceTree = "<group>"; };
		506EE0F110304F7500A389B3 /* CDataScanner_Extensions.h */ = {isa = PBXFileReference; fileEncoding = 4; lastKnownFileType = sourcecode.c.h; path = CDataScanner_Extensions.h; sourceTree = "<group>"; };
		506EE0F210304F7500A389B3 /* CDataScanner_Extensions.m */ = {isa = PBXFileReference; fileEncoding = 4; lastKnownFileType = sourcecode.c.objc; path = CDataScanner_Extensions.m; sourceTree = "<group>"; };
		506EE0F310304F7500A389B3 /* NSCharacterSet_Extensions.h */ = {isa = PBXFileReference; fileEncoding = 4; lastKnownFileType = sourcecode.c.h; path = NSCharacterSet_Extensions.h; sourceTree = "<group>"; };
		506EE0F410304F7500A389B3 /* NSCharacterSet_Extensions.m */ = {isa = PBXFileReference; fileEncoding = 4; lastKnownFileType = sourcecode.c.objc; path = NSCharacterSet_Extensions.m; sourceTree = "<group>"; };
		506EE0F510304F7500A389B3 /* NSDictionary_JSONExtensions.h */ = {isa = PBXFileReference; fileEncoding = 4; lastKnownFileType = sourcecode.c.h; path = NSDictionary_JSONExtensions.h; sourceTree = "<group>"; };
		506EE0F610304F7500A389B3 /* NSDictionary_JSONExtensions.m */ = {isa = PBXFileReference; fileEncoding = 4; lastKnownFileType = sourcecode.c.objc; path = NSDictionary_JSONExtensions.m; sourceTree = "<group>"; };
		506EE0F710304F7500A389B3 /* NSScanner_Extensions.h */ = {isa = PBXFileReference; fileEncoding = 4; lastKnownFileType = sourcecode.c.h; path = NSScanner_Extensions.h; sourceTree = "<group>"; };
		506EE0F810304F7500A389B3 /* NSScanner_Extensions.m */ = {isa = PBXFileReference; fileEncoding = 4; lastKnownFileType = sourcecode.c.objc; path = NSScanner_Extensions.m; sourceTree = "<group>"; };
		506EE0FA10304F7500A389B3 /* CJSONDeserializer.h */ = {isa = PBXFileReference; fileEncoding = 4; lastKnownFileType = sourcecode.c.h; path = CJSONDeserializer.h; sourceTree = "<group>"; };
		506EE0FB10304F7500A389B3 /* CJSONDeserializer.m */ = {isa = PBXFileReference; fileEncoding = 4; lastKnownFileType = sourcecode.c.objc; path = CJSONDeserializer.m; sourceTree = "<group>"; };
		506EE0FC10304F7500A389B3 /* CJSONScanner.h */ = {isa = PBXFileReference; fileEncoding = 4; lastKnownFileType = sourcecode.c.h; path = CJSONScanner.h; sourceTree = "<group>"; };
		506EE0FD10304F7500A389B3 /* CJSONScanner.m */ = {isa = PBXFileReference; fileEncoding = 4; lastKnownFileType = sourcecode.c.objc; path = CJSONScanner.m; sourceTree = "<group>"; };
		506EE0FE10304F7500A389B3 /* CJSONSerializer.h */ = {isa = PBXFileReference; fileEncoding = 4; lastKnownFileType = sourcecode.c.h; path = CJSONSerializer.h; sourceTree = "<group>"; };
		506EE0FF10304F7500A389B3 /* CJSONSerializer.m */ = {isa = PBXFileReference; fileEncoding = 4; lastKnownFileType = sourcecode.c.objc; path = CJSONSerializer.m; sourceTree = "<group>"; };
		8D1107310486CEB800E47090 /* Info.plist */ = {isa = PBXFileReference; fileEncoding = 4; lastKnownFileType = text.plist.xml; path = Info.plist; sourceTree = "<group>"; };
		CA3EACB80FEE7024004BBF8E /* fps_images.png */ = {isa = PBXFileReference; lastKnownFileType = image.png; path = fps_images.png; sourceTree = "<group>"; };
		DC6640020F83B3EA000B3E49 /* AudioToolbox.framework */ = {isa = PBXFileReference; lastKnownFileType = wrapper.framework; name = AudioToolbox.framework; path = System/Library/Frameworks/AudioToolbox.framework; sourceTree = SDKROOT; };
		DC6640040F83B3EA000B3E49 /* OpenAL.framework */ = {isa = PBXFileReference; lastKnownFileType = wrapper.framework; name = OpenAL.framework; path = System/Library/Frameworks/OpenAL.framework; sourceTree = SDKROOT; };
		DCCBF1B60F6022AE0040855A /* CoreGraphics.framework */ = {isa = PBXFileReference; lastKnownFileType = wrapper.framework; name = CoreGraphics.framework; path = System/Library/Frameworks/CoreGraphics.framework; sourceTree = SDKROOT; };
		DCCBF1B80F6022AE0040855A /* Foundation.framework */ = {isa = PBXFileReference; lastKnownFileType = wrapper.framework; name = Foundation.framework; path = System/Library/Frameworks/Foundation.framework; sourceTree = SDKROOT; };
		DCCBF1BA0F6022AE0040855A /* OpenGLES.framework */ = {isa = PBXFileReference; lastKnownFileType = wrapper.framework; name = OpenGLES.framework; path = System/Library/Frameworks/OpenGLES.framework; sourceTree = SDKROOT; };
		DCCBF1BC0F6022AE0040855A /* QuartzCore.framework */ = {isa = PBXFileReference; lastKnownFileType = wrapper.framework; name = QuartzCore.framework; path = System/Library/Frameworks/QuartzCore.framework; sourceTree = SDKROOT; };
		DCCBF1BE0F6022AE0040855A /* UIKit.framework */ = {isa = PBXFileReference; lastKnownFileType = wrapper.framework; name = UIKit.framework; path = System/Library/Frameworks/UIKit.framework; sourceTree = SDKROOT; };
/* End PBXFileReference section */

/* Begin PBXFrameworksBuildPhase section */
		1D60588F0D05DD3D006BFB54 /* Frameworks */ = {
			isa = PBXFrameworksBuildPhase;
			buildActionMask = 2147483647;
			files = (
				DCCBF1B70F6022AE0040855A /* CoreGraphics.framework in Frameworks */,
				DCCBF1B90F6022AE0040855A /* Foundation.framework in Frameworks */,
				DCCBF1BB0F6022AE0040855A /* OpenGLES.framework in Frameworks */,
				DCCBF1BD0F6022AE0040855A /* QuartzCore.framework in Frameworks */,
				DCCBF1BF0F6022AE0040855A /* UIKit.framework in Frameworks */,
				DC6640030F83B3EA000B3E49 /* AudioToolbox.framework in Frameworks */,
				DC6640050F83B3EA000B3E49 /* OpenAL.framework in Frameworks */,
				506EDB88102F4C4000A389B3 /* libz.dylib in Frameworks */,
				506EDBA5102F4C9F00A389B3 /* AVFoundation.framework in Frameworks */,
				506EE1A91030508200A389B3 /* libcocos2d libraries.a in Frameworks */,
			);
			runOnlyForDeploymentPostprocessing = 0;
		};
		506EE05C10304ED200A389B3 /* Frameworks */ = {
			isa = PBXFrameworksBuildPhase;
			buildActionMask = 2147483647;
			files = (
			);
			runOnlyForDeploymentPostprocessing = 0;
		};
/* End PBXFrameworksBuildPhase section */

/* Begin PBXGroup section */
		19C28FACFE9D520D11CA2CBB /* Products */ = {
			isa = PBXGroup;
			children = (
				1D6058910D05DD3D006BFB54 /* ___PROJECTNAME___.app */,
				506EE05E10304ED200A389B3 /* libcocos2d libraries.a */,
			);
			name = Products;
			sourceTree = "<group>";
		};
		29B97314FDCFA39411CA2CEA /* CustomTemplate */ = {
			isa = PBXGroup;
			children = (
				506EDAA3102F461B00A389B3 /* cocos2d Sources */,
				2D500B1D0D5A766B00DBA0E3 /* Classes */,
				29B97315FDCFA39411CA2CEA /* Other Sources */,
				29B97317FDCFA39411CA2CEA /* Resources */,
				29B97323FDCFA39411CA2CEA /* Frameworks */,
				19C28FACFE9D520D11CA2CBB /* Products */,
			);
			name = CustomTemplate;
			sourceTree = "<group>";
		};
		29B97315FDCFA39411CA2CEA /* Other Sources */ = {
			isa = PBXGroup;
			children = (
				1F3B9A820EF2151B00286867 /* ___PROJECTNAMEASIDENTIFIER____Prefix.pch */,
				29B97316FDCFA39411CA2CEA /* main.m */,
			);
			name = "Other Sources";
			sourceTree = "<group>";
		};
		29B97317FDCFA39411CA2CEA /* Resources */ = {
			isa = PBXGroup;
			children = (
				CA3EACB80FEE7024004BBF8E /* fps_images.png */,
				8D1107310486CEB800E47090 /* Info.plist */,
			);
			name = Resources;
			sourceTree = "<group>";
		};
		29B97323FDCFA39411CA2CEA /* Frameworks */ = {
			isa = PBXGroup;
			children = (
				DCCBF1B60F6022AE0040855A /* CoreGraphics.framework */,
				DCCBF1B80F6022AE0040855A /* Foundation.framework */,
				DCCBF1BA0F6022AE0040855A /* OpenGLES.framework */,
				DCCBF1BC0F6022AE0040855A /* QuartzCore.framework */,
				DCCBF1BE0F6022AE0040855A /* UIKit.framework */,
				DC6640040F83B3EA000B3E49 /* OpenAL.framework */,
				DC6640020F83B3EA000B3E49 /* AudioToolbox.framework */,
				506EDB87102F4C4000A389B3 /* libz.dylib */,
				506EDBA4102F4C9F00A389B3 /* AVFoundation.framework */,
			);
			name = Frameworks;
			sourceTree = "<group>";
		};
		2D500B1D0D5A766B00DBA0E3 /* Classes */ = {
			isa = PBXGroup;
			children = (
				506EDC2F102F528A00A389B3 /* HelloWorldScene.h */,
				506EDC30102F528A00A389B3 /* HelloWorldScene.m */,
				1F3B9A2C0EF2145700286867 /* ___PROJECTNAMEASIDENTIFIER___AppDelegate.h */,
				1F3B9A2B0EF2145700286867 /* ___PROJECTNAMEASIDENTIFIER___AppDelegate.m */,
			);
			path = Classes;
			sourceTree = "<group>";
		};
		506EDAA3102F461B00A389B3 /* cocos2d Sources */ = {
			isa = PBXGroup;
			children = (
				506EE06610304F7500A389B3 /* cocos2d */,
				506EE0DE10304F7500A389B3 /* CocosDenshion */,
				506EE0E610304F7500A389B3 /* cocoslive */,
				506EE0ED10304F7500A389B3 /* TouchJSON */,
			);
			name = "cocos2d Sources";
			sourceTree = "<group>";
		};
		506EE06610304F7500A389B3 /* cocos2d */ = {
			isa = PBXGroup;
			children = (
				506EE06710304F7500A389B3 /* Action.h */,
				506EE06810304F7500A389B3 /* Action.m */,
				506EE06910304F7500A389B3 /* ActionManager.h */,
				506EE06A10304F7500A389B3 /* ActionManager.m */,
				506EE06B10304F7500A389B3 /* AtlasNode.h */,
				506EE06C10304F7500A389B3 /* AtlasNode.m */,
				506EE06D10304F7500A389B3 /* AtlasSprite.h */,
				506EE06E10304F7500A389B3 /* AtlasSprite.m */,
				506EE06F10304F7500A389B3 /* AtlasSpriteManager.h */,
				506EE07010304F7500A389B3 /* AtlasSpriteManager.m */,
				506EE07110304F7500A389B3 /* BitmapFontAtlas.h */,
				506EE07210304F7500A389B3 /* BitmapFontAtlas.m */,
				506EE07310304F7500A389B3 /* Camera.h */,
				506EE07410304F7500A389B3 /* Camera.m */,
				506EE07510304F7500A389B3 /* CameraAction.h */,
				506EE07610304F7500A389B3 /* CameraAction.m */,
				506EE07710304F7500A389B3 /* ccExceptions.h */,
				506EE07810304F7500A389B3 /* ccMacros.h */,
				506EE07910304F7500A389B3 /* ccTypes.h */,
				506EE07A10304F7500A389B3 /* cocos2d.h */,
				506EE07B10304F7500A389B3 /* cocos2d.m */,
				506EE07C10304F7500A389B3 /* CocosNode.h */,
				506EE07D10304F7500A389B3 /* CocosNode.m */,
				506EE07E10304F7500A389B3 /* Director.h */,
				506EE07F10304F7500A389B3 /* Director.m */,
				506EE08010304F7500A389B3 /* DrawingPrimitives.h */,
				506EE08110304F7500A389B3 /* DrawingPrimitives.m */,
				506EE08210304F7500A389B3 /* EaseAction.h */,
				506EE08310304F7500A389B3 /* EaseAction.m */,
				506EE08410304F7500A389B3 /* Grabber.h */,
				506EE08510304F7500A389B3 /* Grabber.m */,
				506EE08610304F7500A389B3 /* Grid.h */,
				506EE08710304F7500A389B3 /* Grid.m */,
				506EE08810304F7500A389B3 /* Grid3DAction.h */,
				506EE08910304F7500A389B3 /* Grid3DAction.m */,
				506EE08A10304F7500A389B3 /* GridAction.h */,
				506EE08B10304F7500A389B3 /* GridAction.m */,
				506EE08C10304F7500A389B3 /* InstantAction.h */,
				506EE08D10304F7500A389B3 /* InstantAction.m */,
				506EE08E10304F7500A389B3 /* IntervalAction.h */,
				506EE08F10304F7500A389B3 /* IntervalAction.m */,
				506EE09010304F7500A389B3 /* Label.h */,
				506EE09110304F7500A389B3 /* Label.m */,
				506EE09210304F7500A389B3 /* LabelAtlas.h */,
				506EE09310304F7500A389B3 /* LabelAtlas.m */,
				506EE09410304F7500A389B3 /* Layer.h */,
				506EE09510304F7500A389B3 /* Layer.m */,
				506EE09610304F7500A389B3 /* Menu.h */,
				506EE09710304F7500A389B3 /* Menu.m */,
				506EE09810304F7500A389B3 /* MenuItem.h */,
				506EE09910304F7500A389B3 /* MenuItem.m */,
				506EE09A10304F7500A389B3 /* MotionStreak.h */,
				506EE09B10304F7500A389B3 /* MotionStreak.m */,
				506EE09C10304F7500A389B3 /* ParallaxNode.h */,
				506EE09D10304F7500A389B3 /* ParallaxNode.m */,
				506EE09E10304F7500A389B3 /* ParticleExamples.h */,
				506EE09F10304F7500A389B3 /* ParticleExamples.m */,
				506EE0A010304F7500A389B3 /* ParticleSystem.h */,
				506EE0A110304F7500A389B3 /* ParticleSystem.m */,
				506EE0A210304F7500A389B3 /* PointParticleSystem.h */,
				506EE0A310304F7500A389B3 /* PointParticleSystem.m */,
				506EE0A410304F7500A389B3 /* QuadParticleSystem.h */,
				506EE0A510304F7500A389B3 /* QuadParticleSystem.m */,
				506EE0A610304F7500A389B3 /* RenderTexture.h */,
				506EE0A710304F7500A389B3 /* RenderTexture.m */,
				506EE0A810304F7500A389B3 /* Ribbon.h */,
				506EE0A910304F7500A389B3 /* Ribbon.m */,
				506EE0AA10304F7500A389B3 /* Scene.h */,
				506EE0AB10304F7500A389B3 /* Scene.m */,
				506EE0AC10304F7500A389B3 /* Scheduler.h */,
				506EE0AD10304F7500A389B3 /* Scheduler.m */,
				506EE0AE10304F7500A389B3 /* Sprite.h */,
				506EE0AF10304F7500A389B3 /* Sprite.m */,
				506EE0B010304F7500A389B3 /* Support */,
				506EE0C910304F7500A389B3 /* TextureAtlas.h */,
				506EE0CA10304F7500A389B3 /* TextureAtlas.m */,
				506EE0CB10304F7500A389B3 /* TextureMgr.h */,
				506EE0CC10304F7500A389B3 /* TextureMgr.m */,
				506EE0CD10304F7500A389B3 /* TextureNode.h */,
				506EE0CE10304F7500A389B3 /* TextureNode.m */,
				506EE0CF10304F7500A389B3 /* TiledGridAction.h */,
				506EE0D010304F7500A389B3 /* TiledGridAction.m */,
				506EE0D110304F7500A389B3 /* TileMapAtlas.h */,
				506EE0D210304F7500A389B3 /* TileMapAtlas.m */,
				506EE0D310304F7500A389B3 /* TMXTiledMap.h */,
				506EE0D410304F7500A389B3 /* TMXTiledMap.m */,
				506EE0D510304F7500A389B3 /* TMXXMLParser.h */,
				506EE0D610304F7500A389B3 /* TMXXMLParser.m */,
				506EE0D710304F7500A389B3 /* TouchDelegateProtocol.h */,
				506EE0D810304F7500A389B3 /* TouchDispatcher.h */,
				506EE0D910304F7500A389B3 /* TouchDispatcher.m */,
				506EE0DA10304F7500A389B3 /* TouchHandler.h */,
				506EE0DB10304F7500A389B3 /* TouchHandler.m */,
				506EE0DC10304F7500A389B3 /* Transition.h */,
				506EE0DD10304F7500A389B3 /* Transition.m */,
			);
			path = cocos2d;
			sourceTree = "<group>";
		};
		506EE0B010304F7500A389B3 /* Support */ = {
			isa = PBXGroup;
			children = (
				506EE0B110304F7500A389B3 /* base64.c */,
				506EE0B210304F7500A389B3 /* base64.h */,
				506EE0B310304F7500A389B3 /* ccArray.h */,
				506EE0B410304F7500A389B3 /* ccHashSet.h */,
				506EE0B510304F7500A389B3 /* ccHashSet.m */,
				506EE0B610304F7500A389B3 /* CGPointExtension.h */,
				506EE0B710304F7500A389B3 /* CGPointExtension.m */,
				506EE0B810304F7500A389B3 /* EAGLView.h */,
				506EE0B910304F7500A389B3 /* EAGLView.m */,
				506EE0BA10304F7500A389B3 /* FileUtils.h */,
				506EE0BB10304F7500A389B3 /* FileUtils.m */,
				506EE0BC10304F7500A389B3 /* glu.c */,
				506EE0BD10304F7500A389B3 /* glu.h */,
				506EE0BE10304F7500A389B3 /* OpenGL_Internal.h */,
				506EE0BF10304F7500A389B3 /* PVRTexture.h */,
				506EE0C010304F7500A389B3 /* PVRTexture.m */,
				506EE0C110304F7500A389B3 /* Texture2D.h */,
				506EE0C210304F7500A389B3 /* Texture2D.m */,
				506EE0C310304F7500A389B3 /* TGAlib.h */,
				506EE0C410304F7500A389B3 /* TGAlib.m */,
				506EE0C510304F7500A389B3 /* TransformUtils.h */,
				506EE0C610304F7500A389B3 /* TransformUtils.m */,
				506EE0C710304F7500A389B3 /* ZipUtils.h */,
				506EE0C810304F7500A389B3 /* ZipUtils.m */,
			);
			path = Support;
			sourceTree = "<group>";
		};
		506EE0DE10304F7500A389B3 /* CocosDenshion */ = {
			isa = PBXGroup;
			children = (
				506EE0DF10304F7500A389B3 /* CDAudioManager.h */,
				506EE0E010304F7500A389B3 /* CDAudioManager.m */,
				506EE0E110304F7500A389B3 /* CDOpenALSupport.h */,
				506EE0E210304F7500A389B3 /* CocosDenshion.h */,
				506EE0E310304F7500A389B3 /* CocosDenshion.m */,
				506EE0E410304F7500A389B3 /* SimpleAudioEngine.h */,
				506EE0E510304F7500A389B3 /* SimpleAudioEngine.m */,
			);
			path = CocosDenshion;
			sourceTree = "<group>";
		};
		506EE0E610304F7500A389B3 /* cocoslive */ = {
			isa = PBXGroup;
			children = (
				506EE0E710304F7500A389B3 /* cocoslive.h */,
				506EE0E810304F7500A389B3 /* cocoslive.m */,
				506EE0E910304F7500A389B3 /* ScoreServerPost.h */,
				506EE0EA10304F7500A389B3 /* ScoreServerPost.m */,
				506EE0EB10304F7500A389B3 /* ScoreServerRequest.h */,
				506EE0EC10304F7500A389B3 /* ScoreServerRequest.m */,
			);
			path = cocoslive;
			sourceTree = "<group>";
		};
		506EE0ED10304F7500A389B3 /* TouchJSON */ = {
			isa = PBXGroup;
			children = (
				506EE0EE10304F7500A389B3 /* CDataScanner.h */,
				506EE0EF10304F7500A389B3 /* CDataScanner.m */,
				506EE0F010304F7500A389B3 /* Extensions */,
				506EE0F910304F7500A389B3 /* JSON */,
			);
			path = TouchJSON;
			sourceTree = "<group>";
		};
		506EE0F010304F7500A389B3 /* Extensions */ = {
			isa = PBXGroup;
			children = (
				506EE0F110304F7500A389B3 /* CDataScanner_Extensions.h */,
				506EE0F210304F7500A389B3 /* CDataScanner_Extensions.m */,
				506EE0F310304F7500A389B3 /* NSCharacterSet_Extensions.h */,
				506EE0F410304F7500A389B3 /* NSCharacterSet_Extensions.m */,
				506EE0F510304F7500A389B3 /* NSDictionary_JSONExtensions.h */,
				506EE0F610304F7500A389B3 /* NSDictionary_JSONExtensions.m */,
				506EE0F710304F7500A389B3 /* NSScanner_Extensions.h */,
				506EE0F810304F7500A389B3 /* NSScanner_Extensions.m */,
			);
			path = Extensions;
			sourceTree = "<group>";
		};
		506EE0F910304F7500A389B3 /* JSON */ = {
			isa = PBXGroup;
			children = (
				506EE0FA10304F7500A389B3 /* CJSONDeserializer.h */,
				506EE0FB10304F7500A389B3 /* CJSONDeserializer.m */,
				506EE0FC10304F7500A389B3 /* CJSONScanner.h */,
				506EE0FD10304F7500A389B3 /* CJSONScanner.m */,
				506EE0FE10304F7500A389B3 /* CJSONSerializer.h */,
				506EE0FF10304F7500A389B3 /* CJSONSerializer.m */,
			);
			path = JSON;
			sourceTree = "<group>";
		};
/* End PBXGroup section */

/* Begin PBXHeadersBuildPhase section */
		506EE05A10304ED200A389B3 /* Headers */ = {
			isa = PBXHeadersBuildPhase;
			buildActionMask = 2147483647;
			files = (
				506EE10010304F7500A389B3 /* Action.h in Headers */,
				506EE10210304F7500A389B3 /* ActionManager.h in Headers */,
				506EE10410304F7500A389B3 /* AtlasNode.h in Headers */,
				506EE10610304F7500A389B3 /* AtlasSprite.h in Headers */,
				506EE10810304F7500A389B3 /* AtlasSpriteManager.h in Headers */,
				506EE10A10304F7500A389B3 /* BitmapFontAtlas.h in Headers */,
				506EE10C10304F7500A389B3 /* Camera.h in Headers */,
				506EE10E10304F7500A389B3 /* CameraAction.h in Headers */,
				506EE11010304F7500A389B3 /* ccExceptions.h in Headers */,
				506EE11110304F7500A389B3 /* ccMacros.h in Headers */,
				506EE11210304F7500A389B3 /* ccTypes.h in Headers */,
				506EE11310304F7500A389B3 /* cocos2d.h in Headers */,
				506EE11510304F7500A389B3 /* CocosNode.h in Headers */,
				506EE11710304F7500A389B3 /* Director.h in Headers */,
				506EE11910304F7500A389B3 /* DrawingPrimitives.h in Headers */,
				506EE11B10304F7500A389B3 /* EaseAction.h in Headers */,
				506EE11D10304F7500A389B3 /* Grabber.h in Headers */,
				506EE11F10304F7500A389B3 /* Grid.h in Headers */,
				506EE12110304F7500A389B3 /* Grid3DAction.h in Headers */,
				506EE12310304F7500A389B3 /* GridAction.h in Headers */,
				506EE12510304F7500A389B3 /* InstantAction.h in Headers */,
				506EE12710304F7500A389B3 /* IntervalAction.h in Headers */,
				506EE12910304F7500A389B3 /* Label.h in Headers */,
				506EE12B10304F7500A389B3 /* LabelAtlas.h in Headers */,
				506EE12D10304F7500A389B3 /* Layer.h in Headers */,
				506EE12F10304F7500A389B3 /* Menu.h in Headers */,
				506EE13110304F7500A389B3 /* MenuItem.h in Headers */,
				506EE13310304F7500A389B3 /* MotionStreak.h in Headers */,
				506EE13510304F7500A389B3 /* ParallaxNode.h in Headers */,
				506EE13710304F7500A389B3 /* ParticleExamples.h in Headers */,
				506EE13910304F7500A389B3 /* ParticleSystem.h in Headers */,
				506EE13B10304F7500A389B3 /* PointParticleSystem.h in Headers */,
				506EE13D10304F7500A389B3 /* QuadParticleSystem.h in Headers */,
				506EE13F10304F7500A389B3 /* RenderTexture.h in Headers */,
				506EE14110304F7500A389B3 /* Ribbon.h in Headers */,
				506EE14310304F7500A389B3 /* Scene.h in Headers */,
				506EE14510304F7500A389B3 /* Scheduler.h in Headers */,
				506EE14710304F7500A389B3 /* Sprite.h in Headers */,
				506EE14A10304F7500A389B3 /* base64.h in Headers */,
				506EE14B10304F7500A389B3 /* ccArray.h in Headers */,
				506EE14C10304F7500A389B3 /* ccHashSet.h in Headers */,
				506EE14E10304F7500A389B3 /* CGPointExtension.h in Headers */,
				506EE15010304F7500A389B3 /* EAGLView.h in Headers */,
				506EE15210304F7500A389B3 /* FileUtils.h in Headers */,
				506EE15510304F7500A389B3 /* glu.h in Headers */,
				506EE15610304F7500A389B3 /* OpenGL_Internal.h in Headers */,
				506EE15710304F7500A389B3 /* PVRTexture.h in Headers */,
				506EE15910304F7500A389B3 /* Texture2D.h in Headers */,
				506EE15B10304F7500A389B3 /* TGAlib.h in Headers */,
				506EE15D10304F7500A389B3 /* TransformUtils.h in Headers */,
				506EE15F10304F7500A389B3 /* ZipUtils.h in Headers */,
				506EE16110304F7500A389B3 /* TextureAtlas.h in Headers */,
				506EE16310304F7500A389B3 /* TextureMgr.h in Headers */,
				506EE16510304F7500A389B3 /* TextureNode.h in Headers */,
				506EE16710304F7500A389B3 /* TiledGridAction.h in Headers */,
				506EE16910304F7500A389B3 /* TileMapAtlas.h in Headers */,
				506EE16B10304F7500A389B3 /* TMXTiledMap.h in Headers */,
				506EE16D10304F7500A389B3 /* TMXXMLParser.h in Headers */,
				506EE16F10304F7500A389B3 /* TouchDelegateProtocol.h in Headers */,
				506EE17010304F7500A389B3 /* TouchDispatcher.h in Headers */,
				506EE17210304F7500A389B3 /* TouchHandler.h in Headers */,
				506EE17410304F7500A389B3 /* Transition.h in Headers */,
				506EE17610304F7500A389B3 /* CDAudioManager.h in Headers */,
				506EE17810304F7500A389B3 /* CDOpenALSupport.h in Headers */,
				506EE17910304F7500A389B3 /* CocosDenshion.h in Headers */,
				506EE17B10304F7500A389B3 /* SimpleAudioEngine.h in Headers */,
				506EE17D10304F7500A389B3 /* cocoslive.h in Headers */,
				506EE17F10304F7500A389B3 /* ScoreServerPost.h in Headers */,
				506EE18110304F7500A389B3 /* ScoreServerRequest.h in Headers */,
				506EE18310304F7500A389B3 /* CDataScanner.h in Headers */,
				506EE18510304F7500A389B3 /* CDataScanner_Extensions.h in Headers */,
				506EE18710304F7500A389B3 /* NSCharacterSet_Extensions.h in Headers */,
				506EE18910304F7500A389B3 /* NSDictionary_JSONExtensions.h in Headers */,
				506EE18B10304F7500A389B3 /* NSScanner_Extensions.h in Headers */,
				506EE18D10304F7500A389B3 /* CJSONDeserializer.h in Headers */,
				506EE18F10304F7500A389B3 /* CJSONScanner.h in Headers */,
				506EE19110304F7500A389B3 /* CJSONSerializer.h in Headers */,
			);
			runOnlyForDeploymentPostprocessing = 0;
		};
/* End PBXHeadersBuildPhase section */

/* Begin PBXNativeTarget section */
		1D6058900D05DD3D006BFB54 /* ___PROJECTNAME___ */ = {
			isa = PBXNativeTarget;
			buildConfigurationList = 1D6058960D05DD3E006BFB54 /* Build configuration list for PBXNativeTarget "___PROJECTNAME___" */;
			buildPhases = (
				1D60588D0D05DD3D006BFB54 /* Resources */,
				1D60588E0D05DD3D006BFB54 /* Sources */,
				1D60588F0D05DD3D006BFB54 /* Frameworks */,
			);
			buildRules = (
			);
			dependencies = (
				506EE1A81030507B00A389B3 /* PBXTargetDependency */,
			);
			name = "___PROJECTNAME___";
			productName = "___PROJECTNAME___";
			productReference = 1D6058910D05DD3D006BFB54 /* ___PROJECTNAME___.app */;
			productType = "com.apple.product-type.application";
		};
		506EE05D10304ED200A389B3 /* cocos2d libraries */ = {
			isa = PBXNativeTarget;
			buildConfigurationList = 506EE06410304F0100A389B3 /* Build configuration list for PBXNativeTarget "cocos2d libraries" */;
			buildPhases = (
				506EE05A10304ED200A389B3 /* Headers */,
				506EE05B10304ED200A389B3 /* Sources */,
				506EE05C10304ED200A389B3 /* Frameworks */,
			);
			buildRules = (
			);
			dependencies = (
			);
			name = "cocos2d libraries";
			productName = "cocos2d libraries";
			productReference = 506EE05E10304ED200A389B3 /* libcocos2d libraries.a */;
			productType = "com.apple.product-type.library.static";
		};
/* End PBXNativeTarget section */

/* Begin PBXProject section */
		29B97313FDCFA39411CA2CEA /* Project object */ = {
			isa = PBXProject;
			buildConfigurationList = C01FCF4E08A954540054247B /* Build configuration list for PBXProject "___PROJECTNAME___" */;
			compatibilityVersion = "Xcode 3.1";
			hasScannedForEncodings = 1;
			mainGroup = 29B97314FDCFA39411CA2CEA /* CustomTemplate */;
			projectDirPath = "";
			projectRoot = "";
			targets = (
				1D6058900D05DD3D006BFB54 /* ___PROJECTNAME___ */,
				506EE05D10304ED200A389B3 /* cocos2d libraries */,
			);
		};
/* End PBXProject section */

/* Begin PBXResourcesBuildPhase section */
		1D60588D0D05DD3D006BFB54 /* Resources */ = {
			isa = PBXResourcesBuildPhase;
			buildActionMask = 2147483647;
			files = (
				CA3EACB90FEE7024004BBF8E /* fps_images.png in Resources */,
			);
			runOnlyForDeploymentPostprocessing = 0;
		};
/* End PBXResourcesBuildPhase section */

/* Begin PBXSourcesBuildPhase section */
		1D60588E0D05DD3D006BFB54 /* Sources */ = {
			isa = PBXSourcesBuildPhase;
			buildActionMask = 2147483647;
			files = (
				1D60589B0D05DD56006BFB54 /* main.m in Sources */,
				1F3B9A2D0EF2145700286867 /* ___PROJECTNAMEASIDENTIFIER___AppDelegate.m in Sources */,
				506EDC31102F528A00A389B3 /* HelloWorldScene.m in Sources */,
			);
			runOnlyForDeploymentPostprocessing = 0;
		};
		506EE05B10304ED200A389B3 /* Sources */ = {
			isa = PBXSourcesBuildPhase;
			buildActionMask = 2147483647;
			files = (
				506EE10110304F7500A389B3 /* Action.m in Sources */,
				506EE10310304F7500A389B3 /* ActionManager.m in Sources */,
				506EE10510304F7500A389B3 /* AtlasNode.m in Sources */,
				506EE10710304F7500A389B3 /* AtlasSprite.m in Sources */,
				506EE10910304F7500A389B3 /* AtlasSpriteManager.m in Sources */,
				506EE10B10304F7500A389B3 /* BitmapFontAtlas.m in Sources */,
				506EE10D10304F7500A389B3 /* Camera.m in Sources */,
				506EE10F10304F7500A389B3 /* CameraAction.m in Sources */,
				506EE11410304F7500A389B3 /* cocos2d.m in Sources */,
				506EE11610304F7500A389B3 /* CocosNode.m in Sources */,
				506EE11810304F7500A389B3 /* Director.m in Sources */,
				506EE11A10304F7500A389B3 /* DrawingPrimitives.m in Sources */,
				506EE11C10304F7500A389B3 /* EaseAction.m in Sources */,
				506EE11E10304F7500A389B3 /* Grabber.m in Sources */,
				506EE12010304F7500A389B3 /* Grid.m in Sources */,
				506EE12210304F7500A389B3 /* Grid3DAction.m in Sources */,
				506EE12410304F7500A389B3 /* GridAction.m in Sources */,
				506EE12610304F7500A389B3 /* InstantAction.m in Sources */,
				506EE12810304F7500A389B3 /* IntervalAction.m in Sources */,
				506EE12A10304F7500A389B3 /* Label.m in Sources */,
				506EE12C10304F7500A389B3 /* LabelAtlas.m in Sources */,
				506EE12E10304F7500A389B3 /* Layer.m in Sources */,
				506EE13010304F7500A389B3 /* Menu.m in Sources */,
				506EE13210304F7500A389B3 /* MenuItem.m in Sources */,
				506EE13410304F7500A389B3 /* MotionStreak.m in Sources */,
				506EE13610304F7500A389B3 /* ParallaxNode.m in Sources */,
				506EE13810304F7500A389B3 /* ParticleExamples.m in Sources */,
				506EE13A10304F7500A389B3 /* ParticleSystem.m in Sources */,
				506EE13C10304F7500A389B3 /* PointParticleSystem.m in Sources */,
				506EE13E10304F7500A389B3 /* QuadParticleSystem.m in Sources */,
				506EE14010304F7500A389B3 /* RenderTexture.m in Sources */,
				506EE14210304F7500A389B3 /* Ribbon.m in Sources */,
				506EE14410304F7500A389B3 /* Scene.m in Sources */,
				506EE14610304F7500A389B3 /* Scheduler.m in Sources */,
				506EE14810304F7500A389B3 /* Sprite.m in Sources */,
				506EE14910304F7500A389B3 /* base64.c in Sources */,
				506EE14D10304F7500A389B3 /* ccHashSet.m in Sources */,
				506EE14F10304F7500A389B3 /* CGPointExtension.m in Sources */,
				506EE15110304F7500A389B3 /* EAGLView.m in Sources */,
				506EE15310304F7500A389B3 /* FileUtils.m in Sources */,
				506EE15410304F7500A389B3 /* glu.c in Sources */,
				506EE15810304F7500A389B3 /* PVRTexture.m in Sources */,
				506EE15A10304F7500A389B3 /* Texture2D.m in Sources */,
				506EE15C10304F7500A389B3 /* TGAlib.m in Sources */,
				506EE15E10304F7500A389B3 /* TransformUtils.m in Sources */,
				506EE16010304F7500A389B3 /* ZipUtils.m in Sources */,
				506EE16210304F7500A389B3 /* TextureAtlas.m in Sources */,
				506EE16410304F7500A389B3 /* TextureMgr.m in Sources */,
				506EE16610304F7500A389B3 /* TextureNode.m in Sources */,
				506EE16810304F7500A389B3 /* TiledGridAction.m in Sources */,
				506EE16A10304F7500A389B3 /* TileMapAtlas.m in Sources */,
				506EE16C10304F7500A389B3 /* TMXTiledMap.m in Sources */,
				506EE16E10304F7500A389B3 /* TMXXMLParser.m in Sources */,
				506EE17110304F7500A389B3 /* TouchDispatcher.m in Sources */,
				506EE17310304F7500A389B3 /* TouchHandler.m in Sources */,
				506EE17510304F7500A389B3 /* Transition.m in Sources */,
				506EE17710304F7500A389B3 /* CDAudioManager.m in Sources */,
				506EE17A10304F7500A389B3 /* CocosDenshion.m in Sources */,
				506EE17C10304F7500A389B3 /* SimpleAudioEngine.m in Sources */,
				506EE17E10304F7500A389B3 /* cocoslive.m in Sources */,
				506EE18010304F7500A389B3 /* ScoreServerPost.m in Sources */,
				506EE18210304F7500A389B3 /* ScoreServerRequest.m in Sources */,
				506EE18410304F7500A389B3 /* CDataScanner.m in Sources */,
				506EE18610304F7500A389B3 /* CDataScanner_Extensions.m in Sources */,
				506EE18810304F7500A389B3 /* NSCharacterSet_Extensions.m in Sources */,
				506EE18A10304F7500A389B3 /* NSDictionary_JSONExtensions.m in Sources */,
				506EE18C10304F7500A389B3 /* NSScanner_Extensions.m in Sources */,
				506EE18E10304F7500A389B3 /* CJSONDeserializer.m in Sources */,
				506EE19010304F7500A389B3 /* CJSONScanner.m in Sources */,
				506EE19210304F7500A389B3 /* CJSONSerializer.m in Sources */,
			);
			runOnlyForDeploymentPostprocessing = 0;
		};
/* End PBXSourcesBuildPhase section */

/* Begin PBXTargetDependency section */
		506EE1A81030507B00A389B3 /* PBXTargetDependency */ = {
			isa = PBXTargetDependency;
			target = 506EE05D10304ED200A389B3 /* cocos2d libraries */;
			targetProxy = 506EE1A71030507B00A389B3 /* PBXContainerItemProxy */;
		};
/* End PBXTargetDependency section */

/* Begin XCBuildConfiguration section */
		1D6058940D05DD3E006BFB54 /* Debug */ = {
			isa = XCBuildConfiguration;
			buildSettings = {
				ALWAYS_SEARCH_USER_PATHS = NO;
				COPY_PHASE_STRIP = NO;
				DEBUG_INFORMATION_FORMAT = "dwarf-with-dsym";
				GCC_DYNAMIC_NO_PIC = NO;
				GCC_ENABLE_FIX_AND_CONTINUE = NO;
				GCC_OPTIMIZATION_LEVEL = 0;
				GCC_PRECOMPILE_PREFIX_HEADER = YES;
				GCC_PREFIX_HEADER = "___PROJECTNAMEASIDENTIFIER____Prefix.pch";
				GCC_THUMB_SUPPORT = NO;
				GCC_TREAT_WARNINGS_AS_ERRORS = YES;
				INFOPLIST_FILE = Info.plist;
				OTHER_LDFLAGS = "";
				PREBINDING = NO;
				PRODUCT_NAME = "___PROJECTNAME___";
				WARNING_CFLAGS = "-Wall";
			};
			name = Debug;
		};
		1D6058950D05DD3E006BFB54 /* Release */ = {
			isa = XCBuildConfiguration;
			buildSettings = {
				ALWAYS_SEARCH_USER_PATHS = NO;
				COPY_PHASE_STRIP = YES;
				DEBUG_INFORMATION_FORMAT = "dwarf-with-dsym";
				GCC_ENABLE_FIX_AND_CONTINUE = NO;
				GCC_PRECOMPILE_PREFIX_HEADER = YES;
				GCC_PREFIX_HEADER = "___PROJECTNAMEASIDENTIFIER____Prefix.pch";
				GCC_THUMB_SUPPORT = NO;
				GCC_TREAT_WARNINGS_AS_ERRORS = YES;
				INFOPLIST_FILE = Info.plist;
				OTHER_LDFLAGS = "";
				PREBINDING = NO;
				PRODUCT_NAME = "___PROJECTNAME___";
				WARNING_CFLAGS = "-Wall";
			};
			name = Release;
		};
		506EE05F10304ED500A389B3 /* Debug */ = {
			isa = XCBuildConfiguration;
			buildSettings = {
				ALWAYS_SEARCH_USER_PATHS = NO;
				COPY_PHASE_STRIP = NO;
				GCC_DYNAMIC_NO_PIC = NO;
				GCC_OPTIMIZATION_LEVEL = 0;
				GCC_THUMB_SUPPORT = NO;
				GCC_TREAT_WARNINGS_AS_ERRORS = YES;
				PREBINDING = NO;
				PRODUCT_NAME = "cocos2d libraries";
			};
			name = Debug;
		};
		506EE06010304ED500A389B3 /* Release */ = {
			isa = XCBuildConfiguration;
			buildSettings = {
				ALWAYS_SEARCH_USER_PATHS = NO;
				COPY_PHASE_STRIP = YES;
				DEBUG_INFORMATION_FORMAT = "dwarf-with-dsym";
				GCC_ENABLE_FIX_AND_CONTINUE = NO;
				GCC_THUMB_SUPPORT = NO;
				GCC_TREAT_WARNINGS_AS_ERRORS = YES;
				PREBINDING = NO;
				PRODUCT_NAME = "cocos2d libraries";
				ZERO_LINK = NO;
			};
			name = Release;
		};
		C01FCF4F08A954540054247B /* Debug */ = {
			isa = XCBuildConfiguration;
			buildSettings = {
				ALWAYS_SEARCH_USER_PATHS = NO;
				ARCHS = "$(ARCHS_STANDARD_32_BIT)";
				"CODE_SIGN_IDENTITY[sdk=iphoneos*]" = "iPhone Developer";
				GCC_C_LANGUAGE_STANDARD = c99;
				GCC_WARN_ABOUT_RETURN_TYPE = YES;
				GCC_WARN_UNUSED_VARIABLE = YES;
				ONLY_ACTIVE_ARCH = YES;
				PREBINDING = NO;
				SDKROOT = iphoneos2.2;
			};
			name = Debug;
		};
		C01FCF5008A954540054247B /* Release */ = {
			isa = XCBuildConfiguration;
			buildSettings = {
				ALWAYS_SEARCH_USER_PATHS = NO;
				ARCHS = "$(ARCHS_STANDARD_32_BIT)";
				"CODE_SIGN_IDENTITY[sdk=iphoneos*]" = "iPhone Developer";
				GCC_C_LANGUAGE_STANDARD = c99;
				GCC_WARN_ABOUT_RETURN_TYPE = YES;
				GCC_WARN_UNUSED_VARIABLE = YES;
				PREBINDING = NO;
				SDKROOT = iphoneos2.2;
			};
			name = Release;
		};
/* End XCBuildConfiguration section */

/* Begin XCConfigurationList section */
		1D6058960D05DD3E006BFB54 /* Build configuration list for PBXNativeTarget "___PROJECTNAME___" */ = {
			isa = XCConfigurationList;
			buildConfigurations = (
				1D6058940D05DD3E006BFB54 /* Debug */,
				1D6058950D05DD3E006BFB54 /* Release */,
			);
			defaultConfigurationIsVisible = 0;
			defaultConfigurationName = Release;
		};
		506EE06410304F0100A389B3 /* Build configuration list for PBXNativeTarget "cocos2d libraries" */ = {
			isa = XCConfigurationList;
			buildConfigurations = (
				506EE05F10304ED500A389B3 /* Debug */,
				506EE06010304ED500A389B3 /* Release */,
			);
			defaultConfigurationIsVisible = 0;
			defaultConfigurationName = Release;
		};
		C01FCF4E08A954540054247B /* Build configuration list for PBXProject "___PROJECTNAME___" */ = {
			isa = XCConfigurationList;
			buildConfigurations = (
				C01FCF4F08A954540054247B /* Debug */,
				C01FCF5008A954540054247B /* Release */,
			);
			defaultConfigurationIsVisible = 0;
			defaultConfigurationName = Release;
		};
/* End XCConfigurationList section */
	};
	rootObject = 29B97313FDCFA39411CA2CEA /* Project object */;
}
